// !$*UTF8*$!
{
	archiveVersion = 1;
	classes = {
	};
	objectVersion = 55;
	objects = {

/* Begin PBXBuildFile section */
		DD0B28FB288C396B008DCEB0 /* AppDelegate.swift in Sources */ = {isa = PBXBuildFile; fileRef = DD0B28FA288C396B008DCEB0 /* AppDelegate.swift */; };
		DD0B28FD288C396B008DCEB0 /* SceneDelegate.swift in Sources */ = {isa = PBXBuildFile; fileRef = DD0B28FC288C396B008DCEB0 /* SceneDelegate.swift */; };
		DD0B28FF288C396B008DCEB0 /* ViewController.swift in Sources */ = {isa = PBXBuildFile; fileRef = DD0B28FE288C396B008DCEB0 /* ViewController.swift */; };
		DD0B2902288C396B008DCEB0 /* Main.storyboard in Resources */ = {isa = PBXBuildFile; fileRef = DD0B2900288C396B008DCEB0 /* Main.storyboard */; };
		DD0B2904288C396C008DCEB0 /* Assets.xcassets in Resources */ = {isa = PBXBuildFile; fileRef = DD0B2903288C396C008DCEB0 /* Assets.xcassets */; };
		DD0B2907288C396C008DCEB0 /* LaunchScreen.storyboard in Resources */ = {isa = PBXBuildFile; fileRef = DD0B2905288C396C008DCEB0 /* LaunchScreen.storyboard */; };
		DD0B2912288C396C008DCEB0 /* I_am_RichTests.swift in Sources */ = {isa = PBXBuildFile; fileRef = DD0B2911288C396C008DCEB0 /* I_am_RichTests.swift */; };
		DD0B291C288C396D008DCEB0 /* I_am_RichUITests.swift in Sources */ = {isa = PBXBuildFile; fileRef = DD0B291B288C396D008DCEB0 /* I_am_RichUITests.swift */; };
		DD0B291E288C396D008DCEB0 /* I_am_RichUITestsLaunchTests.swift in Sources */ = {isa = PBXBuildFile; fileRef = DD0B291D288C396D008DCEB0 /* I_am_RichUITestsLaunchTests.swift */; };
/* End PBXBuildFile section */

/* Begin PBXContainerItemProxy section */
		DD0B290E288C396C008DCEB0 /* PBXContainerItemProxy */ = {
			isa = PBXContainerItemProxy;
			containerPortal = DD0B28EF288C396B008DCEB0 /* Project object */;
			proxyType = 1;
			remoteGlobalIDString = DD0B28F6288C396B008DCEB0;
			remoteInfo = "I am Rich";
		};
		DD0B2918288C396D008DCEB0 /* PBXContainerItemProxy */ = {
			isa = PBXContainerItemProxy;
			containerPortal = DD0B28EF288C396B008DCEB0 /* Project object */;
			proxyType = 1;
			remoteGlobalIDString = DD0B28F6288C396B008DCEB0;
			remoteInfo = "I am Rich";
		};
/* End PBXContainerItemProxy section */

/* Begin PBXFileReference section */
		DD0B28F7288C396B008DCEB0 /* I am Rich.app */ = {isa = PBXFileReference; explicitFileType = wrapper.application; includeInIndex = 0; path = "I am Rich.app"; sourceTree = BUILT_PRODUCTS_DIR; };
		DD0B28FA288C396B008DCEB0 /* AppDelegate.swift */ = {isa = PBXFileReference; lastKnownFileType = sourcecode.swift; path = AppDelegate.swift; sourceTree = "<group>"; };
		DD0B28FC288C396B008DCEB0 /* SceneDelegate.swift */ = {isa = PBXFileReference; lastKnownFileType = sourcecode.swift; path = SceneDelegate.swift; sourceTree = "<group>"; };
		DD0B28FE288C396B008DCEB0 /* ViewController.swift */ = {isa = PBXFileReference; lastKnownFileType = sourcecode.swift; path = ViewController.swift; sourceTree = "<group>"; };
		DD0B2901288C396B008DCEB0 /* Base */ = {isa = PBXFileReference; lastKnownFileType = file.storyboard; name = Base; path = Base.lproj/Main.storyboard; sourceTree = "<group>"; };
		DD0B2903288C396C008DCEB0 /* Assets.xcassets */ = {isa = PBXFileReference; lastKnownFileType = folder.assetcatalog; path = Assets.xcassets; sourceTree = "<group>"; };
		DD0B2906288C396C008DCEB0 /* Base */ = {isa = PBXFileReference; lastKnownFileType = file.storyboard; name = Base; path = Base.lproj/LaunchScreen.storyboard; sourceTree = "<group>"; };
		DD0B2908288C396C008DCEB0 /* Info.plist */ = {isa = PBXFileReference; lastKnownFileType = text.plist.xml; path = Info.plist; sourceTree = "<group>"; };
		DD0B290D288C396C008DCEB0 /* I am RichTests.xctest */ = {isa = PBXFileReference; explicitFileType = wrapper.cfbundle; includeInIndex = 0; path = "I am RichTests.xctest"; sourceTree = BUILT_PRODUCTS_DIR; };
		DD0B2911288C396C008DCEB0 /* I_am_RichTests.swift */ = {isa = PBXFileReference; lastKnownFileType = sourcecode.swift; path = I_am_RichTests.swift; sourceTree = "<group>"; };
		DD0B2917288C396D008DCEB0 /* I am RichUITests.xctest */ = {isa = PBXFileReference; explicitFileType = wrapper.cfbundle; includeInIndex = 0; path = "I am RichUITests.xctest"; sourceTree = BUILT_PRODUCTS_DIR; };
		DD0B291B288C396D008DCEB0 /* I_am_RichUITests.swift */ = {isa = PBXFileReference; lastKnownFileType = sourcecode.swift; path = I_am_RichUITests.swift; sourceTree = "<group>"; };
		DD0B291D288C396D008DCEB0 /* I_am_RichUITestsLaunchTests.swift */ = {isa = PBXFileReference; lastKnownFileType = sourcecode.swift; path = I_am_RichUITestsLaunchTests.swift; sourceTree = "<group>"; };
/* End PBXFileReference section */

/* Begin PBXFrameworksBuildPhase section */
		DD0B28F4288C396B008DCEB0 /* Frameworks */ = {
			isa = PBXFrameworksBuildPhase;
			buildActionMask = 2147483647;
			files = (
			);
			runOnlyForDeploymentPostprocessing = 0;
		};
		DD0B290A288C396C008DCEB0 /* Frameworks */ = {
			isa = PBXFrameworksBuildPhase;
			buildActionMask = 2147483647;
			files = (
			);
			runOnlyForDeploymentPostprocessing = 0;
		};
		DD0B2914288C396D008DCEB0 /* Frameworks */ = {
			isa = PBXFrameworksBuildPhase;
			buildActionMask = 2147483647;
			files = (
			);
			runOnlyForDeploymentPostprocessing = 0;
		};
/* End PBXFrameworksBuildPhase section */

/* Begin PBXGroup section */
		DD0B28EE288C396B008DCEB0 = {
			isa = PBXGroup;
			children = (
				DD0B28F9288C396B008DCEB0 /* I am Rich */,
				DD0B2910288C396C008DCEB0 /* I am RichTests */,
				DD0B291A288C396D008DCEB0 /* I am RichUITests */,
				DD0B28F8288C396B008DCEB0 /* Products */,
			);
			sourceTree = "<group>";
		};
		DD0B28F8288C396B008DCEB0 /* Products */ = {
			isa = PBXGroup;
			children = (
				DD0B28F7288C396B008DCEB0 /* I am Rich.app */,
				DD0B290D288C396C008DCEB0 /* I am RichTests.xctest */,
				DD0B2917288C396D008DCEB0 /* I am RichUITests.xctest */,
			);
			name = Products;
			sourceTree = "<group>";
		};
		DD0B28F9288C396B008DCEB0 /* I am Rich */ = {
			isa = PBXGroup;
			children = (
				DD0B28FA288C396B008DCEB0 /* AppDelegate.swift */,
				DD0B28FC288C396B008DCEB0 /* SceneDelegate.swift */,
				DD0B28FE288C396B008DCEB0 /* ViewController.swift */,
				DD0B2900288C396B008DCEB0 /* Main.storyboard */,
				DD0B2903288C396C008DCEB0 /* Assets.xcassets */,
				DD0B2905288C396C008DCEB0 /* LaunchScreen.storyboard */,
				DD0B2908288C396C008DCEB0 /* Info.plist */,
			);
			path = "I am Rich";
			sourceTree = "<group>";
		};
		DD0B2910288C396C008DCEB0 /* I am RichTests */ = {
			isa = PBXGroup;
			children = (
				DD0B2911288C396C008DCEB0 /* I_am_RichTests.swift */,
			);
			path = "I am RichTests";
			sourceTree = "<group>";
		};
		DD0B291A288C396D008DCEB0 /* I am RichUITests */ = {
			isa = PBXGroup;
			children = (
				DD0B291B288C396D008DCEB0 /* I_am_RichUITests.swift */,
				DD0B291D288C396D008DCEB0 /* I_am_RichUITestsLaunchTests.swift */,
			);
			path = "I am RichUITests";
			sourceTree = "<group>";
		};
/* End PBXGroup section */

/* Begin PBXNativeTarget section */
		DD0B28F6288C396B008DCEB0 /* I am Rich */ = {
			isa = PBXNativeTarget;
			buildConfigurationList = DD0B2921288C396D008DCEB0 /* Build configuration list for PBXNativeTarget "I am Rich" */;
			buildPhases = (
				DD0B28F3288C396B008DCEB0 /* Sources */,
				DD0B28F4288C396B008DCEB0 /* Frameworks */,
				DD0B28F5288C396B008DCEB0 /* Resources */,
			);
			buildRules = (
			);
			dependencies = (
			);
			name = "I am Rich";
			productName = "I am Rich";
			productReference = DD0B28F7288C396B008DCEB0 /* I am Rich.app */;
			productType = "com.apple.product-type.application";
		};
		DD0B290C288C396C008DCEB0 /* I am RichTests */ = {
			isa = PBXNativeTarget;
			buildConfigurationList = DD0B2924288C396D008DCEB0 /* Build configuration list for PBXNativeTarget "I am RichTests" */;
			buildPhases = (
				DD0B2909288C396C008DCEB0 /* Sources */,
				DD0B290A288C396C008DCEB0 /* Frameworks */,
				DD0B290B288C396C008DCEB0 /* Resources */,
			);
			buildRules = (
			);
			dependencies = (
				DD0B290F288C396C008DCEB0 /* PBXTargetDependency */,
			);
			name = "I am RichTests";
			productName = "I am RichTests";
			productReference = DD0B290D288C396C008DCEB0 /* I am RichTests.xctest */;
			productType = "com.apple.product-type.bundle.unit-test";
		};
		DD0B2916288C396D008DCEB0 /* I am RichUITests */ = {
			isa = PBXNativeTarget;
			buildConfigurationList = DD0B2927288C396D008DCEB0 /* Build configuration list for PBXNativeTarget "I am RichUITests" */;
			buildPhases = (
				DD0B2913288C396D008DCEB0 /* Sources */,
				DD0B2914288C396D008DCEB0 /* Frameworks */,
				DD0B2915288C396D008DCEB0 /* Resources */,
			);
			buildRules = (
			);
			dependencies = (
				DD0B2919288C396D008DCEB0 /* PBXTargetDependency */,
			);
			name = "I am RichUITests";
			productName = "I am RichUITests";
			productReference = DD0B2917288C396D008DCEB0 /* I am RichUITests.xctest */;
			productType = "com.apple.product-type.bundle.ui-testing";
		};
/* End PBXNativeTarget section */

/* Begin PBXProject section */
		DD0B28EF288C396B008DCEB0 /* Project object */ = {
			isa = PBXProject;
			attributes = {
				BuildIndependentTargetsInParallel = 1;
				LastSwiftUpdateCheck = 1340;
				LastUpgradeCheck = 1340;
				TargetAttributes = {
					DD0B28F6288C396B008DCEB0 = {
						CreatedOnToolsVersion = 13.4.1;
					};
					DD0B290C288C396C008DCEB0 = {
						CreatedOnToolsVersion = 13.4.1;
						TestTargetID = DD0B28F6288C396B008DCEB0;
					};
					DD0B2916288C396D008DCEB0 = {
						CreatedOnToolsVersion = 13.4.1;
						TestTargetID = DD0B28F6288C396B008DCEB0;
					};
				};
			};
			buildConfigurationList = DD0B28F2288C396B008DCEB0 /* Build configuration list for PBXProject "I am Rich" */;
			compatibilityVersion = "Xcode 13.0";
			developmentRegion = en;
			hasScannedForEncodings = 0;
			knownRegions = (
				en,
				Base,
			);
			mainGroup = DD0B28EE288C396B008DCEB0;
			productRefGroup = DD0B28F8288C396B008DCEB0 /* Products */;
			projectDirPath = "";
			projectRoot = "";
			targets = (
				DD0B28F6288C396B008DCEB0 /* I am Rich */,
				DD0B290C288C396C008DCEB0 /* I am RichTests */,
				DD0B2916288C396D008DCEB0 /* I am RichUITests */,
			);
		};
/* End PBXProject section */

/* Begin PBXResourcesBuildPhase section */
		DD0B28F5288C396B008DCEB0 /* Resources */ = {
			isa = PBXResourcesBuildPhase;
			buildActionMask = 2147483647;
			files = (
				DD0B2907288C396C008DCEB0 /* LaunchScreen.storyboard in Resources */,
				DD0B2904288C396C008DCEB0 /* Assets.xcassets in Resources */,
				DD0B2902288C396B008DCEB0 /* Main.storyboard in Resources */,
			);
			runOnlyForDeploymentPostprocessing = 0;
		};
		DD0B290B288C396C008DCEB0 /* Resources */ = {
			isa = PBXResourcesBuildPhase;
			buildActionMask = 2147483647;
			files = (
			);
			runOnlyForDeploymentPostprocessing = 0;
		};
		DD0B2915288C396D008DCEB0 /* Resources */ = {
			isa = PBXResourcesBuildPhase;
			buildActionMask = 2147483647;
			files = (
			);
			runOnlyForDeploymentPostprocessing = 0;
		};
/* End PBXResourcesBuildPhase section */

/* Begin PBXSourcesBuildPhase section */
		DD0B28F3288C396B008DCEB0 /* Sources */ = {
			isa = PBXSourcesBuildPhase;
			buildActionMask = 2147483647;
			files = (
				DD0B28FF288C396B008DCEB0 /* ViewController.swift in Sources */,
				DD0B28FB288C396B008DCEB0 /* AppDelegate.swift in Sources */,
				DD0B28FD288C396B008DCEB0 /* SceneDelegate.swift in Sources */,
			);
			runOnlyForDeploymentPostprocessing = 0;
		};
		DD0B2909288C396C008DCEB0 /* Sources */ = {
			isa = PBXSourcesBuildPhase;
			buildActionMask = 2147483647;
			files = (
				DD0B2912288C396C008DCEB0 /* I_am_RichTests.swift in Sources */,
			);
			runOnlyForDeploymentPostprocessing = 0;
		};
		DD0B2913288C396D008DCEB0 /* Sources */ = {
			isa = PBXSourcesBuildPhase;
			buildActionMask = 2147483647;
			files = (
				DD0B291E288C396D008DCEB0 /* I_am_RichUITestsLaunchTests.swift in Sources */,
				DD0B291C288C396D008DCEB0 /* I_am_RichUITests.swift in Sources */,
			);
			runOnlyForDeploymentPostprocessing = 0;
		};
/* End PBXSourcesBuildPhase section */

/* Begin PBXTargetDependency section */
		DD0B290F288C396C008DCEB0 /* PBXTargetDependency */ = {
			isa = PBXTargetDependency;
			target = DD0B28F6288C396B008DCEB0 /* I am Rich */;
			targetProxy = DD0B290E288C396C008DCEB0 /* PBXContainerItemProxy */;
		};
		DD0B2919288C396D008DCEB0 /* PBXTargetDependency */ = {
			isa = PBXTargetDependency;
			target = DD0B28F6288C396B008DCEB0 /* I am Rich */;
			targetProxy = DD0B2918288C396D008DCEB0 /* PBXContainerItemProxy */;
		};
/* End PBXTargetDependency section */

/* Begin PBXVariantGroup section */
		DD0B2900288C396B008DCEB0 /* Main.storyboard */ = {
			isa = PBXVariantGroup;
			children = (
				DD0B2901288C396B008DCEB0 /* Base */,
			);
			name = Main.storyboard;
			sourceTree = "<group>";
		};
		DD0B2905288C396C008DCEB0 /* LaunchScreen.storyboard */ = {
			isa = PBXVariantGroup;
			children = (
				DD0B2906288C396C008DCEB0 /* Base */,
			);
			name = LaunchScreen.storyboard;
			sourceTree = "<group>";
		};
/* End PBXVariantGroup section */

/* Begin XCBuildConfiguration section */
		DD0B291F288C396D008DCEB0 /* Debug */ = {
			isa = XCBuildConfiguration;
			buildSettings = {
				ALWAYS_SEARCH_USER_PATHS = NO;
				CLANG_ANALYZER_NONNULL = YES;
				CLANG_ANALYZER_NUMBER_OBJECT_CONVERSION = YES_AGGRESSIVE;
				CLANG_CXX_LANGUAGE_STANDARD = "gnu++17";
				CLANG_ENABLE_MODULES = YES;
				CLANG_ENABLE_OBJC_ARC = YES;
				CLANG_ENABLE_OBJC_WEAK = YES;
				CLANG_WARN_BLOCK_CAPTURE_AUTORELEASING = YES;
				CLANG_WARN_BOOL_CONVERSION = YES;
				CLANG_WARN_COMMA = YES;
				CLANG_WARN_CONSTANT_CONVERSION = YES;
				CLANG_WARN_DEPRECATED_OBJC_IMPLEMENTATIONS = YES;
				CLANG_WARN_DIRECT_OBJC_ISA_USAGE = YES_ERROR;
				CLANG_WARN_DOCUMENTATION_COMMENTS = YES;
				CLANG_WARN_EMPTY_BODY = YES;
				CLANG_WARN_ENUM_CONVERSION = YES;
				CLANG_WARN_INFINITE_RECURSION = YES;
				CLANG_WARN_INT_CONVERSION = YES;
				CLANG_WARN_NON_LITERAL_NULL_CONVERSION = YES;
				CLANG_WARN_OBJC_IMPLICIT_RETAIN_SELF = YES;
				CLANG_WARN_OBJC_LITERAL_CONVERSION = YES;
				CLANG_WARN_OBJC_ROOT_CLASS = YES_ERROR;
				CLANG_WARN_QUOTED_INCLUDE_IN_FRAMEWORK_HEADER = YES;
				CLANG_WARN_RANGE_LOOP_ANALYSIS = YES;
				CLANG_WARN_STRICT_PROTOTYPES = YES;
				CLANG_WARN_SUSPICIOUS_MOVE = YES;
				CLANG_WARN_UNGUARDED_AVAILABILITY = YES_AGGRESSIVE;
				CLANG_WARN_UNREACHABLE_CODE = YES;
				CLANG_WARN__DUPLICATE_METHOD_MATCH = YES;
				COPY_PHASE_STRIP = NO;
				DEBUG_INFORMATION_FORMAT = dwarf;
				ENABLE_STRICT_OBJC_MSGSEND = YES;
				ENABLE_TESTABILITY = YES;
				GCC_C_LANGUAGE_STANDARD = gnu11;
				GCC_DYNAMIC_NO_PIC = NO;
				GCC_NO_COMMON_BLOCKS = YES;
				GCC_OPTIMIZATION_LEVEL = 0;
				GCC_PREPROCESSOR_DEFINITIONS = (
					"DEBUG=1",
					"$(inherited)",
				);
				GCC_WARN_64_TO_32_BIT_CONVERSION = YES;
				GCC_WARN_ABOUT_RETURN_TYPE = YES_ERROR;
				GCC_WARN_UNDECLARED_SELECTOR = YES;
				GCC_WARN_UNINITIALIZED_AUTOS = YES_AGGRESSIVE;
				GCC_WARN_UNUSED_FUNCTION = YES;
				GCC_WARN_UNUSED_VARIABLE = YES;
				IPHONEOS_DEPLOYMENT_TARGET = 15.5;
				MTL_ENABLE_DEBUG_INFO = INCLUDE_SOURCE;
				MTL_FAST_MATH = YES;
				ONLY_ACTIVE_ARCH = YES;
				SDKROOT = iphoneos;
				SWIFT_ACTIVE_COMPILATION_CONDITIONS = DEBUG;
				SWIFT_OPTIMIZATION_LEVEL = "-Onone";
			};
			name = Debug;
		};
		DD0B2920288C396D008DCEB0 /* Release */ = {
			isa = XCBuildConfiguration;
			buildSettings = {
				ALWAYS_SEARCH_USER_PATHS = NO;
				CLANG_ANALYZER_NONNULL = YES;
				CLANG_ANALYZER_NUMBER_OBJECT_CONVERSION = YES_AGGRESSIVE;
				CLANG_CXX_LANGUAGE_STANDARD = "gnu++17";
				CLANG_ENABLE_MODULES = YES;
				CLANG_ENABLE_OBJC_ARC = YES;
				CLANG_ENABLE_OBJC_WEAK = YES;
				CLANG_WARN_BLOCK_CAPTURE_AUTORELEASING = YES;
				CLANG_WARN_BOOL_CONVERSION = YES;
				CLANG_WARN_COMMA = YES;
				CLANG_WARN_CONSTANT_CONVERSION = YES;
				CLANG_WARN_DEPRECATED_OBJC_IMPLEMENTATIONS = YES;
				CLANG_WARN_DIRECT_OBJC_ISA_USAGE = YES_ERROR;
				CLANG_WARN_DOCUMENTATION_COMMENTS = YES;
				CLANG_WARN_EMPTY_BODY = YES;
				CLANG_WARN_ENUM_CONVERSION = YES;
				CLANG_WARN_INFINITE_RECURSION = YES;
				CLANG_WARN_INT_CONVERSION = YES;
				CLANG_WARN_NON_LITERAL_NULL_CONVERSION = YES;
				CLANG_WARN_OBJC_IMPLICIT_RETAIN_SELF = YES;
				CLANG_WARN_OBJC_LITERAL_CONVERSION = YES;
				CLANG_WARN_OBJC_ROOT_CLASS = YES_ERROR;
				CLANG_WARN_QUOTED_INCLUDE_IN_FRAMEWORK_HEADER = YES;
				CLANG_WARN_RANGE_LOOP_ANALYSIS = YES;
				CLANG_WARN_STRICT_PROTOTYPES = YES;
				CLANG_WARN_SUSPICIOUS_MOVE = YES;
				CLANG_WARN_UNGUARDED_AVAILABILITY = YES_AGGRESSIVE;
				CLANG_WARN_UNREACHABLE_CODE = YES;
				CLANG_WARN__DUPLICATE_METHOD_MATCH = YES;
				COPY_PHASE_STRIP = NO;
				DEBUG_INFORMATION_FORMAT = "dwarf-with-dsym";
				ENABLE_NS_ASSERTIONS = NO;
				ENABLE_STRICT_OBJC_MSGSEND = YES;
				GCC_C_LANGUAGE_STANDARD = gnu11;
				GCC_NO_COMMON_BLOCKS = YES;
				GCC_WARN_64_TO_32_BIT_CONVERSION = YES;
				GCC_WARN_ABOUT_RETURN_TYPE = YES_ERROR;
				GCC_WARN_UNDECLARED_SELECTOR = YES;
				GCC_WARN_UNINITIALIZED_AUTOS = YES_AGGRESSIVE;
				GCC_WARN_UNUSED_FUNCTION = YES;
				GCC_WARN_UNUSED_VARIABLE = YES;
				IPHONEOS_DEPLOYMENT_TARGET = 15.5;
				MTL_ENABLE_DEBUG_INFO = NO;
				MTL_FAST_MATH = YES;
				SDKROOT = iphoneos;
				SWIFT_COMPILATION_MODE = wholemodule;
				SWIFT_OPTIMIZATION_LEVEL = "-O";
				VALIDATE_PRODUCT = YES;
			};
			name = Release;
		};
		DD0B2922288C396D008DCEB0 /* Debug */ = {
			isa = XCBuildConfiguration;
			buildSettings = {
				ASSETCATALOG_COMPILER_APPICON_NAME = AppIcon;
				ASSETCATALOG_COMPILER_GLOBAL_ACCENT_COLOR_NAME = AccentColor;
				CODE_SIGN_STYLE = Automatic;
				CURRENT_PROJECT_VERSION = 1;
				GENERATE_INFOPLIST_FILE = YES;
				INFOPLIST_FILE = "I am Rich/Info.plist";
				INFOPLIST_KEY_UIApplicationSupportsIndirectInputEvents = YES;
				INFOPLIST_KEY_UILaunchStoryboardName = LaunchScreen;
				INFOPLIST_KEY_UIMainStoryboardFile = Main;
				INFOPLIST_KEY_UISupportedInterfaceOrientations_iPad = "UIInterfaceOrientationPortrait UIInterfaceOrientationPortraitUpsideDown UIInterfaceOrientationLandscapeLeft UIInterfaceOrientationLandscapeRight";
				INFOPLIST_KEY_UISupportedInterfaceOrientations_iPhone = "UIInterfaceOrientationPortrait UIInterfaceOrientationLandscapeLeft UIInterfaceOrientationLandscapeRight";
				IPHONEOS_DEPLOYMENT_TARGET = 13.0;
				LD_RUNPATH_SEARCH_PATHS = (
					"$(inherited)",
					"@executable_path/Frameworks",
				);
				MARKETING_VERSION = 1.0;
				PRODUCT_BUNDLE_IDENTIFIER = "com.theontogiakos.I-am-Rich";
				PRODUCT_NAME = "$(TARGET_NAME)";
				SWIFT_EMIT_LOC_STRINGS = YES;
				SWIFT_VERSION = 5.0;
				TARGETED_DEVICE_FAMILY = "1,2";
			};
			name = Debug;
		};
		DD0B2923288C396D008DCEB0 /* Release */ = {
			isa = XCBuildConfiguration;
			buildSettings = {
				ASSETCATALOG_COMPILER_APPICON_NAME = AppIcon;
				ASSETCATALOG_COMPILER_GLOBAL_ACCENT_COLOR_NAME = AccentColor;
				CODE_SIGN_STYLE = Automatic;
				CURRENT_PROJECT_VERSION = 1;
				GENERATE_INFOPLIST_FILE = YES;
				INFOPLIST_FILE = "I am Rich/Info.plist";
				INFOPLIST_KEY_UIApplicationSupportsIndirectInputEvents = YES;
				INFOPLIST_KEY_UILaunchStoryboardName = LaunchScreen;
				INFOPLIST_KEY_UIMainStoryboardFile = Main;
				INFOPLIST_KEY_UISupportedInterfaceOrientations_iPad = "UIInterfaceOrientationPortrait UIInterfaceOrientationPortraitUpsideDown UIInterfaceOrientationLandscapeLeft UIInterfaceOrientationLandscapeRight";
				INFOPLIST_KEY_UISupportedInterfaceOrientations_iPhone = "UIInterfaceOrientationPortrait UIInterfaceOrientationLandscapeLeft UIInterfaceOrientationLandscapeRight";
				IPHONEOS_DEPLOYMENT_TARGET = 13.0;
				LD_RUNPATH_SEARCH_PATHS = (
					"$(inherited)",
					"@executable_path/Frameworks",
				);
				MARKETING_VERSION = 1.0;
				PRODUCT_BUNDLE_IDENTIFIER = "com.theontogiakos.I-am-Rich";
				PRODUCT_NAME = "$(TARGET_NAME)";
				SWIFT_EMIT_LOC_STRINGS = YES;
				SWIFT_VERSION = 5.0;
				TARGETED_DEVICE_FAMILY = "1,2";
			};
			name = Release;
		};
		DD0B2925288C396D008DCEB0 /* Debug */ = {
			isa = XCBuildConfiguration;
			buildSettings = {
				ALWAYS_EMBED_SWIFT_STANDARD_LIBRARIES = YES;
				BUNDLE_LOADER = "$(TEST_HOST)";
				CODE_SIGN_STYLE = Automatic;
				CURRENT_PROJECT_VERSION = 1;
				GENERATE_INFOPLIST_FILE = YES;
				IPHONEOS_DEPLOYMENT_TARGET = 15.5;
				MARKETING_VERSION = 1.0;
				PRODUCT_BUNDLE_IDENTIFIER = "com.theontogiakos.I-am-RichTests";
				PRODUCT_NAME = "$(TARGET_NAME)";
				SWIFT_EMIT_LOC_STRINGS = NO;
				SWIFT_VERSION = 5.0;
				TARGETED_DEVICE_FAMILY = "1,2";
				TEST_HOST = "$(BUILT_PRODUCTS_DIR)/I am Rich.app/I am Rich";
			};
			name = Debug;
		};
		DD0B2926288C396D008DCEB0 /* Release */ = {
			isa = XCBuildConfiguration;
			buildSettings = {
				ALWAYS_EMBED_SWIFT_STANDARD_LIBRARIES = YES;
				BUNDLE_LOADER = "$(TEST_HOST)";
				CODE_SIGN_STYLE = Automatic;
				CURRENT_PROJECT_VERSION = 1;
				GENERATE_INFOPLIST_FILE = YES;
				IPHONEOS_DEPLOYMENT_TARGET = 15.5;
				MARKETING_VERSION = 1.0;
				PRODUCT_BUNDLE_IDENTIFIER = "com.theontogiakos.I-am-RichTests";
				PRODUCT_NAME = "$(TARGET_NAME)";
				SWIFT_EMIT_LOC_STRINGS = NO;
				SWIFT_VERSION = 5.0;
				TARGETED_DEVICE_FAMILY = "1,2";
				TEST_HOST = "$(BUILT_PRODUCTS_DIR)/I am Rich.app/I am Rich";
			};
			name = Release;
		};
		DD0B2928288C396D008DCEB0 /* Debug */ = {
			isa = XCBuildConfiguration;
			buildSettings = {
				ALWAYS_EMBED_SWIFT_STANDARD_LIBRARIES = YES;
				CODE_SIGN_STYLE = Automatic;
				CURRENT_PROJECT_VERSION = 1;
				GENERATE_INFOPLIST_FILE = YES;
				MARKETING_VERSION = 1.0;
				PRODUCT_BUNDLE_IDENTIFIER = "com.theontogiakos.I-am-RichUITests";
				PRODUCT_NAME = "$(TARGET_NAME)";
				SWIFT_EMIT_LOC_STRINGS = NO;
				SWIFT_VERSION = 5.0;
				TARGETED_DEVICE_FAMILY = "1,2";
				TEST_TARGET_NAME = "I am Rich";
			};
			name = Debug;
		};
		DD0B2929288C396D008DCEB0 /* Release */ = {
			isa = XCBuildConfiguration;
			buildSettings = {
				ALWAYS_EMBED_SWIFT_STANDARD_LIBRARIES = YES;
				CODE_SIGN_STYLE = Automatic;
				CURRENT_PROJECT_VERSION = 1;
				GENERATE_INFOPLIST_FILE = YES;
				MARKETING_VERSION = 1.0;
				PRODUCT_BUNDLE_IDENTIFIER = "com.theontogiakos.I-am-RichUITests";
				PRODUCT_NAME = "$(TARGET_NAME)";
				SWIFT_EMIT_LOC_STRINGS = NO;
				SWIFT_VERSION = 5.0;
				TARGETED_DEVICE_FAMILY = "1,2";
				TEST_TARGET_NAME = "I am Rich";
			};
			name = Release;
		};
/* End XCBuildConfiguration section */

/* Begin XCConfigurationList section */
		DD0B28F2288C396B008DCEB0 /* Build configuration list for PBXProject "I am Rich" */ = {
			isa = XCConfigurationList;
			buildConfigurations = (
				DD0B291F288C396D008DCEB0 /* Debug */,
				DD0B2920288C396D008DCEB0 /* Release */,
			);
			defaultConfigurationIsVisible = 0;
			defaultConfigurationName = Release;
		};
		DD0B2921288C396D008DCEB0 /* Build configuration list for PBXNativeTarget "I am Rich" */ = {
			isa = XCConfigurationList;
			buildConfigurations = (
				DD0B2922288C396D008DCEB0 /* Debug */,
				DD0B2923288C396D008DCEB0 /* Release */,
			);
			defaultConfigurationIsVisible = 0;
			defaultConfigurationName = Release;
		};
		DD0B2924288C396D008DCEB0 /* Build configuration list for PBXNativeTarget "I am RichTests" */ = {
			isa = XCConfigurationList;
			buildConfigurations = (
				DD0B2925288C396D008DCEB0 /* Debug */,
				DD0B2926288C396D008DCEB0 /* Release */,
			);
			defaultConfigurationIsVisible = 0;
			defaultConfigurationName = Release;
		};
		DD0B2927288C396D008DCEB0 /* Build configuration list for PBXNativeTarget "I am RichUITests" */ = {
			isa = XCConfigurationList;
			buildConfigurations = (
				DD0B2928288C396D008DCEB0 /* Debug */,
				DD0B2929288C396D008DCEB0 /* Release */,
			);
			defaultConfigurationIsVisible = 0;
			defaultConfigurationName = Release;
		};
/* End XCConfigurationList section */
	};
	rootObject = DD0B28EF288C396B008DCEB0 /* Project object */;
}
