// !$*UTF8*$!
{
	archiveVersion = 1;
	classes = {
	};
	objectVersion = 55;
	objects = {

/* Begin PBXBuildFile section */
		DD6F420728BE741000848E66 /* BullseyeApp.swift in Sources */ = {isa = PBXBuildFile; fileRef = DD6F420628BE741000848E66 /* BullseyeApp.swift */; };
		DD6F420928BE741000848E66 /* ContentView.swift in Sources */ = {isa = PBXBuildFile; fileRef = DD6F420828BE741000848E66 /* ContentView.swift */; };
		DD6F420B28BE741500848E66 /* Assets.xcassets in Resources */ = {isa = PBXBuildFile; fileRef = DD6F420A28BE741500848E66 /* Assets.xcassets */; };
		DD6F420E28BE741500848E66 /* Preview Assets.xcassets in Resources */ = {isa = PBXBuildFile; fileRef = DD6F420D28BE741500848E66 /* Preview Assets.xcassets */; };
		DD6F421828BF8EF500848E66 /* Game.swift in Sources */ = {isa = PBXBuildFile; fileRef = DD6F421728BF8EF500848E66 /* Game.swift */; };
		DD6F422028BFB64400848E66 /* BullseyeTests.swift in Sources */ = {isa = PBXBuildFile; fileRef = DD6F421F28BFB64400848E66 /* BullseyeTests.swift */; };
		DD6F422728C0EBA900848E66 /* TextViews.swift in Sources */ = {isa = PBXBuildFile; fileRef = DD6F422628C0EBA800848E66 /* TextViews.swift */; };
		DD6F422928C0F57600848E66 /* Shapes.swift in Sources */ = {isa = PBXBuildFile; fileRef = DD6F422828C0F57600848E66 /* Shapes.swift */; };
		DD6F422B28C0F84400848E66 /* RoundViews.swift in Sources */ = {isa = PBXBuildFile; fileRef = DD6F422A28C0F84400848E66 /* RoundViews.swift */; };
		DDC20EE428C1F1C500FFD201 /* BackgroundView.swift in Sources */ = {isa = PBXBuildFile; fileRef = DDC20EE328C1F1C500FFD201 /* BackgroundView.swift */; };
		DDDAB46028C6373500D1269B /* PointsView.swift in Sources */ = {isa = PBXBuildFile; fileRef = DDDAB45F28C6373500D1269B /* PointsView.swift */; };
		DDDAB46228C685EF00D1269B /* Constants.swift in Sources */ = {isa = PBXBuildFile; fileRef = DDDAB46128C685EF00D1269B /* Constants.swift */; };
		DDDAB46428C727F400D1269B /* LeaderboardView.swift in Sources */ = {isa = PBXBuildFile; fileRef = DDDAB46328C727F400D1269B /* LeaderboardView.swift */; };
/* End PBXBuildFile section */

/* Begin PBXContainerItemProxy section */
		DD6F422128BFB64400848E66 /* PBXContainerItemProxy */ = {
			isa = PBXContainerItemProxy;
			containerPortal = DD6F41FB28BE741000848E66 /* Project object */;
			proxyType = 1;
			remoteGlobalIDString = DD6F420228BE741000848E66;
			remoteInfo = Bullseye;
		};
/* End PBXContainerItemProxy section */

/* Begin PBXFileReference section */
		DD6F420328BE741000848E66 /* Bullseye.app */ = {isa = PBXFileReference; explicitFileType = wrapper.application; includeInIndex = 0; path = Bullseye.app; sourceTree = BUILT_PRODUCTS_DIR; };
		DD6F420628BE741000848E66 /* BullseyeApp.swift */ = {isa = PBXFileReference; lastKnownFileType = sourcecode.swift; path = BullseyeApp.swift; sourceTree = "<group>"; };
		DD6F420828BE741000848E66 /* ContentView.swift */ = {isa = PBXFileReference; lastKnownFileType = sourcecode.swift; path = ContentView.swift; sourceTree = "<group>"; };
		DD6F420A28BE741500848E66 /* Assets.xcassets */ = {isa = PBXFileReference; lastKnownFileType = folder.assetcatalog; path = Assets.xcassets; sourceTree = "<group>"; };
		DD6F420D28BE741500848E66 /* Preview Assets.xcassets */ = {isa = PBXFileReference; lastKnownFileType = folder.assetcatalog; path = "Preview Assets.xcassets"; sourceTree = "<group>"; };
		DD6F421728BF8EF500848E66 /* Game.swift */ = {isa = PBXFileReference; lastKnownFileType = sourcecode.swift; path = Game.swift; sourceTree = "<group>"; };
		DD6F421D28BFB64400848E66 /* BullseyeTests.xctest */ = {isa = PBXFileReference; explicitFileType = wrapper.cfbundle; includeInIndex = 0; path = BullseyeTests.xctest; sourceTree = BUILT_PRODUCTS_DIR; };
		DD6F421F28BFB64400848E66 /* BullseyeTests.swift */ = {isa = PBXFileReference; lastKnownFileType = sourcecode.swift; path = BullseyeTests.swift; sourceTree = "<group>"; };
		DD6F422628C0EBA800848E66 /* TextViews.swift */ = {isa = PBXFileReference; lastKnownFileType = sourcecode.swift; path = TextViews.swift; sourceTree = "<group>"; };
		DD6F422828C0F57600848E66 /* Shapes.swift */ = {isa = PBXFileReference; lastKnownFileType = sourcecode.swift; path = Shapes.swift; sourceTree = "<group>"; };
		DD6F422A28C0F84400848E66 /* RoundViews.swift */ = {isa = PBXFileReference; lastKnownFileType = sourcecode.swift; path = RoundViews.swift; sourceTree = "<group>"; };
		DDC20EE328C1F1C500FFD201 /* BackgroundView.swift */ = {isa = PBXFileReference; lastKnownFileType = sourcecode.swift; path = BackgroundView.swift; sourceTree = "<group>"; };
		DDDAB45F28C6373500D1269B /* PointsView.swift */ = {isa = PBXFileReference; lastKnownFileType = sourcecode.swift; path = PointsView.swift; sourceTree = "<group>"; };
		DDDAB46128C685EF00D1269B /* Constants.swift */ = {isa = PBXFileReference; lastKnownFileType = sourcecode.swift; path = Constants.swift; sourceTree = "<group>"; };
		DDDAB46328C727F400D1269B /* LeaderboardView.swift */ = {isa = PBXFileReference; lastKnownFileType = sourcecode.swift; path = LeaderboardView.swift; sourceTree = "<group>"; };
/* End PBXFileReference section */

/* Begin PBXFrameworksBuildPhase section */
		DD6F420028BE741000848E66 /* Frameworks */ = {
			isa = PBXFrameworksBuildPhase;
			buildActionMask = 2147483647;
			files = (
			);
			runOnlyForDeploymentPostprocessing = 0;
		};
		DD6F421A28BFB64400848E66 /* Frameworks */ = {
			isa = PBXFrameworksBuildPhase;
			buildActionMask = 2147483647;
			files = (
			);
			runOnlyForDeploymentPostprocessing = 0;
		};
/* End PBXFrameworksBuildPhase section */

/* Begin PBXGroup section */
		DD6F41FA28BE741000848E66 = {
			isa = PBXGroup;
			children = (
				DD6F420528BE741000848E66 /* Bullseye */,
				DD6F421E28BFB64400848E66 /* BullseyeTests */,
				DD6F420428BE741000848E66 /* Products */,
			);
			sourceTree = "<group>";
		};
		DD6F420428BE741000848E66 /* Products */ = {
			isa = PBXGroup;
			children = (
				DD6F420328BE741000848E66 /* Bullseye.app */,
				DD6F421D28BFB64400848E66 /* BullseyeTests.xctest */,
			);
			name = Products;
			sourceTree = "<group>";
		};
		DD6F420528BE741000848E66 /* Bullseye */ = {
			isa = PBXGroup;
			children = (
				DD6F421628BF8E7F00848E66 /* App */,
				DD6F421528BF8E6F00848E66 /* Views */,
				DD6F421428BF8E6600848E66 /* Models */,
				DD6F420C28BE741500848E66 /* Preview Content */,
			);
			path = Bullseye;
			sourceTree = "<group>";
		};
		DD6F420C28BE741500848E66 /* Preview Content */ = {
			isa = PBXGroup;
			children = (
				DD6F420D28BE741500848E66 /* Preview Assets.xcassets */,
			);
			path = "Preview Content";
			sourceTree = "<group>";
		};
		DD6F421428BF8E6600848E66 /* Models */ = {
			isa = PBXGroup;
			children = (
				DD6F421728BF8EF500848E66 /* Game.swift */,
				DDDAB46128C685EF00D1269B /* Constants.swift */,
			);
			path = Models;
			sourceTree = "<group>";
		};
		DD6F421528BF8E6F00848E66 /* Views */ = {
			isa = PBXGroup;
			children = (
				DD6F420828BE741000848E66 /* ContentView.swift */,
				DD6F422628C0EBA800848E66 /* TextViews.swift */,
				DD6F422828C0F57600848E66 /* Shapes.swift */,
				DD6F422A28C0F84400848E66 /* RoundViews.swift */,
				DDC20EE328C1F1C500FFD201 /* BackgroundView.swift */,
				DDDAB45F28C6373500D1269B /* PointsView.swift */,
				DDDAB46328C727F400D1269B /* LeaderboardView.swift */,
			);
			path = Views;
			sourceTree = "<group>";
		};
		DD6F421628BF8E7F00848E66 /* App */ = {
			isa = PBXGroup;
			children = (
				DD6F420628BE741000848E66 /* BullseyeApp.swift */,
				DD6F420A28BE741500848E66 /* Assets.xcassets */,
			);
			path = App;
			sourceTree = "<group>";
		};
		DD6F421E28BFB64400848E66 /* BullseyeTests */ = {
			isa = PBXGroup;
			children = (
				DD6F421F28BFB64400848E66 /* BullseyeTests.swift */,
			);
			path = BullseyeTests;
			sourceTree = "<group>";
		};
/* End PBXGroup section */

/* Begin PBXNativeTarget section */
		DD6F420228BE741000848E66 /* Bullseye */ = {
			isa = PBXNativeTarget;
			buildConfigurationList = DD6F421128BE741500848E66 /* Build configuration list for PBXNativeTarget "Bullseye" */;
			buildPhases = (
				DD6F41FF28BE741000848E66 /* Sources */,
				DD6F420028BE741000848E66 /* Frameworks */,
				DD6F420128BE741000848E66 /* Resources */,
			);
			buildRules = (
			);
			dependencies = (
			);
			name = Bullseye;
			productName = Bullseye;
			productReference = DD6F420328BE741000848E66 /* Bullseye.app */;
			productType = "com.apple.product-type.application";
		};
		DD6F421C28BFB64400848E66 /* BullseyeTests */ = {
			isa = PBXNativeTarget;
			buildConfigurationList = DD6F422328BFB64400848E66 /* Build configuration list for PBXNativeTarget "BullseyeTests" */;
			buildPhases = (
				DD6F421928BFB64400848E66 /* Sources */,
				DD6F421A28BFB64400848E66 /* Frameworks */,
				DD6F421B28BFB64400848E66 /* Resources */,
			);
			buildRules = (
			);
			dependencies = (
				DD6F422228BFB64400848E66 /* PBXTargetDependency */,
			);
			name = BullseyeTests;
			productName = BullseyeTests;
			productReference = DD6F421D28BFB64400848E66 /* BullseyeTests.xctest */;
			productType = "com.apple.product-type.bundle.unit-test";
		};
/* End PBXNativeTarget section */

/* Begin PBXProject section */
		DD6F41FB28BE741000848E66 /* Project object */ = {
			isa = PBXProject;
			attributes = {
				BuildIndependentTargetsInParallel = 1;
				LastSwiftUpdateCheck = 1340;
				LastUpgradeCheck = 1340;
				TargetAttributes = {
					DD6F420228BE741000848E66 = {
						CreatedOnToolsVersion = 13.4.1;
					};
					DD6F421C28BFB64400848E66 = {
						CreatedOnToolsVersion = 13.4.1;
						TestTargetID = DD6F420228BE741000848E66;
					};
				};
			};
			buildConfigurationList = DD6F41FE28BE741000848E66 /* Build configuration list for PBXProject "Bullseye" */;
			compatibilityVersion = "Xcode 13.0";
			developmentRegion = en;
			hasScannedForEncodings = 0;
			knownRegions = (
				en,
				Base,
			);
			mainGroup = DD6F41FA28BE741000848E66;
			productRefGroup = DD6F420428BE741000848E66 /* Products */;
			projectDirPath = "";
			projectRoot = "";
			targets = (
				DD6F420228BE741000848E66 /* Bullseye */,
				DD6F421C28BFB64400848E66 /* BullseyeTests */,
			);
		};
/* End PBXProject section */

/* Begin PBXResourcesBuildPhase section */
		DD6F420128BE741000848E66 /* Resources */ = {
			isa = PBXResourcesBuildPhase;
			buildActionMask = 2147483647;
			files = (
				DD6F420E28BE741500848E66 /* Preview Assets.xcassets in Resources */,
				DD6F420B28BE741500848E66 /* Assets.xcassets in Resources */,
			);
			runOnlyForDeploymentPostprocessing = 0;
		};
		DD6F421B28BFB64400848E66 /* Resources */ = {
			isa = PBXResourcesBuildPhase;
			buildActionMask = 2147483647;
			files = (
			);
			runOnlyForDeploymentPostprocessing = 0;
		};
/* End PBXResourcesBuildPhase section */

/* Begin PBXSourcesBuildPhase section */
		DD6F41FF28BE741000848E66 /* Sources */ = {
			isa = PBXSourcesBuildPhase;
			buildActionMask = 2147483647;
			files = (
				DD6F420928BE741000848E66 /* ContentView.swift in Sources */,
				DDDAB46428C727F400D1269B /* LeaderboardView.swift in Sources */,
				DD6F422728C0EBA900848E66 /* TextViews.swift in Sources */,
				DD6F422928C0F57600848E66 /* Shapes.swift in Sources */,
				DDDAB46028C6373500D1269B /* PointsView.swift in Sources */,
				DDC20EE428C1F1C500FFD201 /* BackgroundView.swift in Sources */,
				DD6F421828BF8EF500848E66 /* Game.swift in Sources */,
				DDDAB46228C685EF00D1269B /* Constants.swift in Sources */,
				DD6F420728BE741000848E66 /* BullseyeApp.swift in Sources */,
				DD6F422B28C0F84400848E66 /* RoundViews.swift in Sources */,
			);
			runOnlyForDeploymentPostprocessing = 0;
		};
		DD6F421928BFB64400848E66 /* Sources */ = {
			isa = PBXSourcesBuildPhase;
			buildActionMask = 2147483647;
			files = (
				DD6F422028BFB64400848E66 /* BullseyeTests.swift in Sources */,
			);
			runOnlyForDeploymentPostprocessing = 0;
		};
/* End PBXSourcesBuildPhase section */

/* Begin PBXTargetDependency section */
		DD6F422228BFB64400848E66 /* PBXTargetDependency */ = {
			isa = PBXTargetDependency;
			target = DD6F420228BE741000848E66 /* Bullseye */;
			targetProxy = DD6F422128BFB64400848E66 /* PBXContainerItemProxy */;
		};
/* End PBXTargetDependency section */

/* Begin XCBuildConfiguration section */
		DD6F420F28BE741500848E66 /* Debug */ = {
			isa = XCBuildConfiguration;
			buildSettings = {
				ALWAYS_SEARCH_USER_PATHS = NO;
				CLANG_ANALYZER_NONNULL = YES;
				CLANG_ANALYZER_NUMBER_OBJECT_CONVERSION = YES_AGGRESSIVE;
				CLANG_CXX_LANGUAGE_STANDARD = "gnu++17";
				CLANG_ENABLE_MODULES = YES;
				CLANG_ENABLE_OBJC_ARC = YES;
				CLANG_ENABLE_OBJC_WEAK = YES;
				CLANG_WARN_BLOCK_CAPTURE_AUTORELEASING = YES;
				CLANG_WARN_BOOL_CONVERSION = YES;
				CLANG_WARN_COMMA = YES;
				CLANG_WARN_CONSTANT_CONVERSION = YES;
				CLANG_WARN_DEPRECATED_OBJC_IMPLEMENTATIONS = YES;
				CLANG_WARN_DIRECT_OBJC_ISA_USAGE = YES_ERROR;
				CLANG_WARN_DOCUMENTATION_COMMENTS = YES;
				CLANG_WARN_EMPTY_BODY = YES;
				CLANG_WARN_ENUM_CONVERSION = YES;
				CLANG_WARN_INFINITE_RECURSION = YES;
				CLANG_WARN_INT_CONVERSION = YES;
				CLANG_WARN_NON_LITERAL_NULL_CONVERSION = YES;
				CLANG_WARN_OBJC_IMPLICIT_RETAIN_SELF = YES;
				CLANG_WARN_OBJC_LITERAL_CONVERSION = YES;
				CLANG_WARN_OBJC_ROOT_CLASS = YES_ERROR;
				CLANG_WARN_QUOTED_INCLUDE_IN_FRAMEWORK_HEADER = YES;
				CLANG_WARN_RANGE_LOOP_ANALYSIS = YES;
				CLANG_WARN_STRICT_PROTOTYPES = YES;
				CLANG_WARN_SUSPICIOUS_MOVE = YES;
				CLANG_WARN_UNGUARDED_AVAILABILITY = YES_AGGRESSIVE;
				CLANG_WARN_UNREACHABLE_CODE = YES;
				CLANG_WARN__DUPLICATE_METHOD_MATCH = YES;
				COPY_PHASE_STRIP = NO;
				DEBUG_INFORMATION_FORMAT = dwarf;
				ENABLE_STRICT_OBJC_MSGSEND = YES;
				ENABLE_TESTABILITY = YES;
				GCC_C_LANGUAGE_STANDARD = gnu11;
				GCC_DYNAMIC_NO_PIC = NO;
				GCC_NO_COMMON_BLOCKS = YES;
				GCC_OPTIMIZATION_LEVEL = 0;
				GCC_PREPROCESSOR_DEFINITIONS = (
					"DEBUG=1",
					"$(inherited)",
				);
				GCC_WARN_64_TO_32_BIT_CONVERSION = YES;
				GCC_WARN_ABOUT_RETURN_TYPE = YES_ERROR;
				GCC_WARN_UNDECLARED_SELECTOR = YES;
				GCC_WARN_UNINITIALIZED_AUTOS = YES_AGGRESSIVE;
				GCC_WARN_UNUSED_FUNCTION = YES;
				GCC_WARN_UNUSED_VARIABLE = YES;
				IPHONEOS_DEPLOYMENT_TARGET = 15.5;
				MTL_ENABLE_DEBUG_INFO = INCLUDE_SOURCE;
				MTL_FAST_MATH = YES;
				ONLY_ACTIVE_ARCH = YES;
				SDKROOT = iphoneos;
				SWIFT_ACTIVE_COMPILATION_CONDITIONS = DEBUG;
				SWIFT_OPTIMIZATION_LEVEL = "-Onone";
			};
			name = Debug;
		};
		DD6F421028BE741500848E66 /* Release */ = {
			isa = XCBuildConfiguration;
			buildSettings = {
				ALWAYS_SEARCH_USER_PATHS = NO;
				CLANG_ANALYZER_NONNULL = YES;
				CLANG_ANALYZER_NUMBER_OBJECT_CONVERSION = YES_AGGRESSIVE;
				CLANG_CXX_LANGUAGE_STANDARD = "gnu++17";
				CLANG_ENABLE_MODULES = YES;
				CLANG_ENABLE_OBJC_ARC = YES;
				CLANG_ENABLE_OBJC_WEAK = YES;
				CLANG_WARN_BLOCK_CAPTURE_AUTORELEASING = YES;
				CLANG_WARN_BOOL_CONVERSION = YES;
				CLANG_WARN_COMMA = YES;
				CLANG_WARN_CONSTANT_CONVERSION = YES;
				CLANG_WARN_DEPRECATED_OBJC_IMPLEMENTATIONS = YES;
				CLANG_WARN_DIRECT_OBJC_ISA_USAGE = YES_ERROR;
				CLANG_WARN_DOCUMENTATION_COMMENTS = YES;
				CLANG_WARN_EMPTY_BODY = YES;
				CLANG_WARN_ENUM_CONVERSION = YES;
				CLANG_WARN_INFINITE_RECURSION = YES;
				CLANG_WARN_INT_CONVERSION = YES;
				CLANG_WARN_NON_LITERAL_NULL_CONVERSION = YES;
				CLANG_WARN_OBJC_IMPLICIT_RETAIN_SELF = YES;
				CLANG_WARN_OBJC_LITERAL_CONVERSION = YES;
				CLANG_WARN_OBJC_ROOT_CLASS = YES_ERROR;
				CLANG_WARN_QUOTED_INCLUDE_IN_FRAMEWORK_HEADER = YES;
				CLANG_WARN_RANGE_LOOP_ANALYSIS = YES;
				CLANG_WARN_STRICT_PROTOTYPES = YES;
				CLANG_WARN_SUSPICIOUS_MOVE = YES;
				CLANG_WARN_UNGUARDED_AVAILABILITY = YES_AGGRESSIVE;
				CLANG_WARN_UNREACHABLE_CODE = YES;
				CLANG_WARN__DUPLICATE_METHOD_MATCH = YES;
				COPY_PHASE_STRIP = NO;
				DEBUG_INFORMATION_FORMAT = "dwarf-with-dsym";
				ENABLE_NS_ASSERTIONS = NO;
				ENABLE_STRICT_OBJC_MSGSEND = YES;
				GCC_C_LANGUAGE_STANDARD = gnu11;
				GCC_NO_COMMON_BLOCKS = YES;
				GCC_WARN_64_TO_32_BIT_CONVERSION = YES;
				GCC_WARN_ABOUT_RETURN_TYPE = YES_ERROR;
				GCC_WARN_UNDECLARED_SELECTOR = YES;
				GCC_WARN_UNINITIALIZED_AUTOS = YES_AGGRESSIVE;
				GCC_WARN_UNUSED_FUNCTION = YES;
				GCC_WARN_UNUSED_VARIABLE = YES;
				IPHONEOS_DEPLOYMENT_TARGET = 15.5;
				MTL_ENABLE_DEBUG_INFO = NO;
				MTL_FAST_MATH = YES;
				SDKROOT = iphoneos;
				SWIFT_COMPILATION_MODE = wholemodule;
				SWIFT_OPTIMIZATION_LEVEL = "-O";
				VALIDATE_PRODUCT = YES;
			};
			name = Release;
		};
		DD6F421228BE741500848E66 /* Debug */ = {
			isa = XCBuildConfiguration;
			buildSettings = {
				ASSETCATALOG_COMPILER_APPICON_NAME = AppIcon;
				ASSETCATALOG_COMPILER_GLOBAL_ACCENT_COLOR_NAME = AccentColor;
				CODE_SIGN_STYLE = Automatic;
				CURRENT_PROJECT_VERSION = 1;
				DEVELOPMENT_ASSET_PATHS = "\"Bullseye/Preview Content\"";
				ENABLE_PREVIEWS = YES;
				GENERATE_INFOPLIST_FILE = YES;
				INFOPLIST_KEY_UIApplicationSceneManifest_Generation = YES;
				INFOPLIST_KEY_UIApplicationSupportsIndirectInputEvents = YES;
				INFOPLIST_KEY_UILaunchScreen_Generation = YES;
				INFOPLIST_KEY_UISupportedInterfaceOrientations_iPad = "UIInterfaceOrientationPortrait UIInterfaceOrientationPortraitUpsideDown UIInterfaceOrientationLandscapeLeft UIInterfaceOrientationLandscapeRight";
				INFOPLIST_KEY_UISupportedInterfaceOrientations_iPhone = "UIInterfaceOrientationPortrait UIInterfaceOrientationLandscapeLeft UIInterfaceOrientationLandscapeRight";
				LD_RUNPATH_SEARCH_PATHS = (
					"$(inherited)",
					"@executable_path/Frameworks",
				);
				MARKETING_VERSION = 1.0;
				PRODUCT_BUNDLE_IDENTIFIER = com.theontogiakos.Bullseye;
				PRODUCT_NAME = "$(TARGET_NAME)";
				SWIFT_EMIT_LOC_STRINGS = YES;
				SWIFT_VERSION = 5.0;
				TARGETED_DEVICE_FAMILY = "1,2";
			};
			name = Debug;
		};
		DD6F421328BE741500848E66 /* Release */ = {
			isa = XCBuildConfiguration;
			buildSettings = {
				ASSETCATALOG_COMPILER_APPICON_NAME = AppIcon;
				ASSETCATALOG_COMPILER_GLOBAL_ACCENT_COLOR_NAME = AccentColor;
				CODE_SIGN_STYLE = Automatic;
				CURRENT_PROJECT_VERSION = 1;
				DEVELOPMENT_ASSET_PATHS = "\"Bullseye/Preview Content\"";
				ENABLE_PREVIEWS = YES;
				GENERATE_INFOPLIST_FILE = YES;
				INFOPLIST_KEY_UIApplicationSceneManifest_Generation = YES;
				INFOPLIST_KEY_UIApplicationSupportsIndirectInputEvents = YES;
				INFOPLIST_KEY_UILaunchScreen_Generation = YES;
				INFOPLIST_KEY_UISupportedInterfaceOrientations_iPad = "UIInterfaceOrientationPortrait UIInterfaceOrientationPortraitUpsideDown UIInterfaceOrientationLandscapeLeft UIInterfaceOrientationLandscapeRight";
				INFOPLIST_KEY_UISupportedInterfaceOrientations_iPhone = "UIInterfaceOrientationPortrait UIInterfaceOrientationLandscapeLeft UIInterfaceOrientationLandscapeRight";
				LD_RUNPATH_SEARCH_PATHS = (
					"$(inherited)",
					"@executable_path/Frameworks",
				);
				MARKETING_VERSION = 1.0;
				PRODUCT_BUNDLE_IDENTIFIER = com.theontogiakos.Bullseye;
				PRODUCT_NAME = "$(TARGET_NAME)";
				SWIFT_EMIT_LOC_STRINGS = YES;
				SWIFT_VERSION = 5.0;
				TARGETED_DEVICE_FAMILY = "1,2";
			};
			name = Release;
		};
		DD6F422428BFB64400848E66 /* Debug */ = {
			isa = XCBuildConfiguration;
			buildSettings = {
				BUNDLE_LOADER = "$(TEST_HOST)";
				CODE_SIGN_STYLE = Automatic;
				CURRENT_PROJECT_VERSION = 1;
				GENERATE_INFOPLIST_FILE = YES;
				MARKETING_VERSION = 1.0;
				PRODUCT_BUNDLE_IDENTIFIER = com.theontogiakos.BullseyeTests;
				PRODUCT_NAME = "$(TARGET_NAME)";
				SWIFT_EMIT_LOC_STRINGS = NO;
				SWIFT_VERSION = 5.0;
				TARGETED_DEVICE_FAMILY = "1,2";
				TEST_HOST = "$(BUILT_PRODUCTS_DIR)/Bullseye.app/Bullseye";
			};
			name = Debug;
		};
		DD6F422528BFB64400848E66 /* Release */ = {
			isa = XCBuildConfiguration;
			buildSettings = {
				BUNDLE_LOADER = "$(TEST_HOST)";
				CODE_SIGN_STYLE = Automatic;
				CURRENT_PROJECT_VERSION = 1;
				GENERATE_INFOPLIST_FILE = YES;
				MARKETING_VERSION = 1.0;
				PRODUCT_BUNDLE_IDENTIFIER = com.theontogiakos.BullseyeTests;
				PRODUCT_NAME = "$(TARGET_NAME)";
				SWIFT_EMIT_LOC_STRINGS = NO;
				SWIFT_VERSION = 5.0;
				TARGETED_DEVICE_FAMILY = "1,2";
				TEST_HOST = "$(BUILT_PRODUCTS_DIR)/Bullseye.app/Bullseye";
			};
			name = Release;
		};
/* End XCBuildConfiguration section */

/* Begin XCConfigurationList section */
		DD6F41FE28BE741000848E66 /* Build configuration list for PBXProject "Bullseye" */ = {
			isa = XCConfigurationList;
			buildConfigurations = (
				DD6F420F28BE741500848E66 /* Debug */,
				DD6F421028BE741500848E66 /* Release */,
			);
			defaultConfigurationIsVisible = 0;
			defaultConfigurationName = Release;
		};
		DD6F421128BE741500848E66 /* Build configuration list for PBXNativeTarget "Bullseye" */ = {
			isa = XCConfigurationList;
			buildConfigurations = (
				DD6F421228BE741500848E66 /* Debug */,
				DD6F421328BE741500848E66 /* Release */,
			);
			defaultConfigurationIsVisible = 0;
			defaultConfigurationName = Release;
		};
		DD6F422328BFB64400848E66 /* Build configuration list for PBXNativeTarget "BullseyeTests" */ = {
			isa = XCConfigurationList;
			buildConfigurations = (
				DD6F422428BFB64400848E66 /* Debug */,
				DD6F422528BFB64400848E66 /* Release */,
			);
			defaultConfigurationIsVisible = 0;
			defaultConfigurationName = Release;
		};
/* End XCConfigurationList section */
	};
	rootObject = DD6F41FB28BE741000848E66 /* Project object */;
}
