// !$*UTF8*$!
{
	archiveVersion = 1;
	classes = {
	};
	objectVersion = 56;
	objects = {

/* Begin PBXBuildFile section */
		E48C47762AFFF07400752AA2 /* NamasteView.swift in Sources */ = {isa = PBXBuildFile; fileRef = E48C47752AFFF07400752AA2 /* NamasteView.swift */; };
		E48C47782AFFF08D00752AA2 /* MainView.swift in Sources */ = {isa = PBXBuildFile; fileRef = E48C47772AFFF08D00752AA2 /* MainView.swift */; };
		E48C477A2B00AFB900752AA2 /* SFSymbolsView.swift in Sources */ = {isa = PBXBuildFile; fileRef = E48C47792B00AFB900752AA2 /* SFSymbolsView.swift */; };
		E48C477C2B00C32400752AA2 /* ImagesView.swift in Sources */ = {isa = PBXBuildFile; fileRef = E48C477B2B00C32400752AA2 /* ImagesView.swift */; };
		E48C477E2B01126700752AA2 /* PlayAudioView.swift in Sources */ = {isa = PBXBuildFile; fileRef = E48C477D2B01126700752AA2 /* PlayAudioView.swift */; };
		E48C47802B0157E000752AA2 /* RollDiceView.swift in Sources */ = {isa = PBXBuildFile; fileRef = E48C477F2B0157E000752AA2 /* RollDiceView.swift */; };
		E48C47832B01664D00752AA2 /* DiceModel.swift in Sources */ = {isa = PBXBuildFile; fileRef = E48C47822B01664D00752AA2 /* DiceModel.swift */; };
		E48C47852B01666500752AA2 /* RollDiceViewModel.swift in Sources */ = {isa = PBXBuildFile; fileRef = E48C47842B01666500752AA2 /* RollDiceViewModel.swift */; };
		E48C47872B01668F00752AA2 /* SettingsView.swift in Sources */ = {isa = PBXBuildFile; fileRef = E48C47862B01668F00752AA2 /* SettingsView.swift */; };
		E48C47892B019ABD00752AA2 /* PressMeView.swift in Sources */ = {isa = PBXBuildFile; fileRef = E48C47882B019ABD00752AA2 /* PressMeView.swift */; };
		E4A2896F2AFFC4990020AB40 /* YouAreAwesomeApp.swift in Sources */ = {isa = PBXBuildFile; fileRef = E4A2896E2AFFC4990020AB40 /* YouAreAwesomeApp.swift */; };
		E4A289712AFFC4990020AB40 /* YouAreAwesome.swift in Sources */ = {isa = PBXBuildFile; fileRef = E4A289702AFFC4990020AB40 /* YouAreAwesome.swift */; };
		E4A289732AFFC49B0020AB40 /* Assets.xcassets in Resources */ = {isa = PBXBuildFile; fileRef = E4A289722AFFC49B0020AB40 /* Assets.xcassets */; };
		E4A289762AFFC49B0020AB40 /* Preview Assets.xcassets in Resources */ = {isa = PBXBuildFile; fileRef = E4A289752AFFC49B0020AB40 /* Preview Assets.xcassets */; };
		E4A289802AFFC49B0020AB40 /* YouAreAwesomeTests.swift in Sources */ = {isa = PBXBuildFile; fileRef = E4A2897F2AFFC49B0020AB40 /* YouAreAwesomeTests.swift */; };
		E4A2898A2AFFC49B0020AB40 /* YouAreAwesomeUITests.swift in Sources */ = {isa = PBXBuildFile; fileRef = E4A289892AFFC49B0020AB40 /* YouAreAwesomeUITests.swift */; };
		E4A2898C2AFFC49B0020AB40 /* YouAreAwesomeUITestsLaunchTests.swift in Sources */ = {isa = PBXBuildFile; fileRef = E4A2898B2AFFC49B0020AB40 /* YouAreAwesomeUITestsLaunchTests.swift */; };
/* End PBXBuildFile section */

/* Begin PBXContainerItemProxy section */
		E4A2897C2AFFC49B0020AB40 /* PBXContainerItemProxy */ = {
			isa = PBXContainerItemProxy;
			containerPortal = E4A289632AFFC4990020AB40 /* Project object */;
			proxyType = 1;
			remoteGlobalIDString = E4A2896A2AFFC4990020AB40;
			remoteInfo = YouAreAwesome;
		};
		E4A289862AFFC49B0020AB40 /* PBXContainerItemProxy */ = {
			isa = PBXContainerItemProxy;
			containerPortal = E4A289632AFFC4990020AB40 /* Project object */;
			proxyType = 1;
			remoteGlobalIDString = E4A2896A2AFFC4990020AB40;
			remoteInfo = YouAreAwesome;
		};
/* End PBXContainerItemProxy section */

/* Begin PBXFileReference section */
		E48C47752AFFF07400752AA2 /* NamasteView.swift */ = {isa = PBXFileReference; lastKnownFileType = sourcecode.swift; path = NamasteView.swift; sourceTree = "<group>"; };
		E48C47772AFFF08D00752AA2 /* MainView.swift */ = {isa = PBXFileReference; lastKnownFileType = sourcecode.swift; path = MainView.swift; sourceTree = "<group>"; };
		E48C47792B00AFB900752AA2 /* SFSymbolsView.swift */ = {isa = PBXFileReference; lastKnownFileType = sourcecode.swift; path = SFSymbolsView.swift; sourceTree = "<group>"; };
		E48C477B2B00C32400752AA2 /* ImagesView.swift */ = {isa = PBXFileReference; lastKnownFileType = sourcecode.swift; path = ImagesView.swift; sourceTree = "<group>"; };
		E48C477D2B01126700752AA2 /* PlayAudioView.swift */ = {isa = PBXFileReference; lastKnownFileType = sourcecode.swift; path = PlayAudioView.swift; sourceTree = "<group>"; };
		E48C477F2B0157E000752AA2 /* RollDiceView.swift */ = {isa = PBXFileReference; lastKnownFileType = sourcecode.swift; path = RollDiceView.swift; sourceTree = "<group>"; };
		E48C47822B01664D00752AA2 /* DiceModel.swift */ = {isa = PBXFileReference; lastKnownFileType = sourcecode.swift; path = DiceModel.swift; sourceTree = "<group>"; };
		E48C47842B01666500752AA2 /* RollDiceViewModel.swift */ = {isa = PBXFileReference; lastKnownFileType = sourcecode.swift; path = RollDiceViewModel.swift; sourceTree = "<group>"; };
		E48C47862B01668F00752AA2 /* SettingsView.swift */ = {isa = PBXFileReference; lastKnownFileType = sourcecode.swift; path = SettingsView.swift; sourceTree = "<group>"; };
		E48C47882B019ABD00752AA2 /* PressMeView.swift */ = {isa = PBXFileReference; lastKnownFileType = sourcecode.swift; path = PressMeView.swift; sourceTree = "<group>"; };
		E48C478A2B02590F00752AA2 /* Info.plist */ = {isa = PBXFileReference; lastKnownFileType = text.plist; path = Info.plist; sourceTree = "<group>"; };
		E4A2896B2AFFC4990020AB40 /* YouAreAwesome.app */ = {isa = PBXFileReference; explicitFileType = wrapper.application; includeInIndex = 0; path = YouAreAwesome.app; sourceTree = BUILT_PRODUCTS_DIR; };
		E4A2896E2AFFC4990020AB40 /* YouAreAwesomeApp.swift */ = {isa = PBXFileReference; lastKnownFileType = sourcecode.swift; path = YouAreAwesomeApp.swift; sourceTree = "<group>"; };
		E4A289702AFFC4990020AB40 /* YouAreAwesome.swift */ = {isa = PBXFileReference; lastKnownFileType = sourcecode.swift; path = YouAreAwesome.swift; sourceTree = "<group>"; };
		E4A289722AFFC49B0020AB40 /* Assets.xcassets */ = {isa = PBXFileReference; lastKnownFileType = folder.assetcatalog; path = Assets.xcassets; sourceTree = "<group>"; };
		E4A289752AFFC49B0020AB40 /* Preview Assets.xcassets */ = {isa = PBXFileReference; lastKnownFileType = folder.assetcatalog; path = "Preview Assets.xcassets"; sourceTree = "<group>"; };
		E4A2897B2AFFC49B0020AB40 /* YouAreAwesomeTests.xctest */ = {isa = PBXFileReference; explicitFileType = wrapper.cfbundle; includeInIndex = 0; path = YouAreAwesomeTests.xctest; sourceTree = BUILT_PRODUCTS_DIR; };
		E4A2897F2AFFC49B0020AB40 /* YouAreAwesomeTests.swift */ = {isa = PBXFileReference; lastKnownFileType = sourcecode.swift; path = YouAreAwesomeTests.swift; sourceTree = "<group>"; };
		E4A289852AFFC49B0020AB40 /* YouAreAwesomeUITests.xctest */ = {isa = PBXFileReference; explicitFileType = wrapper.cfbundle; includeInIndex = 0; path = YouAreAwesomeUITests.xctest; sourceTree = BUILT_PRODUCTS_DIR; };
		E4A289892AFFC49B0020AB40 /* YouAreAwesomeUITests.swift */ = {isa = PBXFileReference; lastKnownFileType = sourcecode.swift; path = YouAreAwesomeUITests.swift; sourceTree = "<group>"; };
		E4A2898B2AFFC49B0020AB40 /* YouAreAwesomeUITestsLaunchTests.swift */ = {isa = PBXFileReference; lastKnownFileType = sourcecode.swift; path = YouAreAwesomeUITestsLaunchTests.swift; sourceTree = "<group>"; };
/* End PBXFileReference section */

/* Begin PBXFrameworksBuildPhase section */
		E4A289682AFFC4990020AB40 /* Frameworks */ = {
			isa = PBXFrameworksBuildPhase;
			buildActionMask = 2147483647;
			files = (
			);
			runOnlyForDeploymentPostprocessing = 0;
		};
		E4A289782AFFC49B0020AB40 /* Frameworks */ = {
			isa = PBXFrameworksBuildPhase;
			buildActionMask = 2147483647;
			files = (
			);
			runOnlyForDeploymentPostprocessing = 0;
		};
		E4A289822AFFC49B0020AB40 /* Frameworks */ = {
			isa = PBXFrameworksBuildPhase;
			buildActionMask = 2147483647;
			files = (
			);
			runOnlyForDeploymentPostprocessing = 0;
		};
/* End PBXFrameworksBuildPhase section */

/* Begin PBXGroup section */
		E48C47812B01663400752AA2 /* RollDice */ = {
			isa = PBXGroup;
			children = (
				E48C477F2B0157E000752AA2 /* RollDiceView.swift */,
				E48C47822B01664D00752AA2 /* DiceModel.swift */,
				E48C47842B01666500752AA2 /* RollDiceViewModel.swift */,
				E48C47862B01668F00752AA2 /* SettingsView.swift */,
			);
			path = RollDice;
			sourceTree = "<group>";
		};
		E4A289622AFFC4990020AB40 = {
			isa = PBXGroup;
			children = (
				E4A2896D2AFFC4990020AB40 /* YouAreAwesome */,
				E4A2897E2AFFC49B0020AB40 /* YouAreAwesomeTests */,
				E4A289882AFFC49B0020AB40 /* YouAreAwesomeUITests */,
				E4A2896C2AFFC4990020AB40 /* Products */,
			);
			sourceTree = "<group>";
		};
		E4A2896C2AFFC4990020AB40 /* Products */ = {
			isa = PBXGroup;
			children = (
				E4A2896B2AFFC4990020AB40 /* YouAreAwesome.app */,
				E4A2897B2AFFC49B0020AB40 /* YouAreAwesomeTests.xctest */,
				E4A289852AFFC49B0020AB40 /* YouAreAwesomeUITests.xctest */,
			);
			name = Products;
			sourceTree = "<group>";
		};
		E4A2896D2AFFC4990020AB40 /* YouAreAwesome */ = {
			isa = PBXGroup;
			children = (
				E48C478A2B02590F00752AA2 /* Info.plist */,
				E48C47812B01663400752AA2 /* RollDice */,
				E4A2896E2AFFC4990020AB40 /* YouAreAwesomeApp.swift */,
				E4A289702AFFC4990020AB40 /* YouAreAwesome.swift */,
				E4A289722AFFC49B0020AB40 /* Assets.xcassets */,
				E48C47752AFFF07400752AA2 /* NamasteView.swift */,
				E48C47792B00AFB900752AA2 /* SFSymbolsView.swift */,
				E48C477B2B00C32400752AA2 /* ImagesView.swift */,
				E48C47772AFFF08D00752AA2 /* MainView.swift */,
				E4A289742AFFC49B0020AB40 /* Preview Content */,
				E48C477D2B01126700752AA2 /* PlayAudioView.swift */,
				E48C47882B019ABD00752AA2 /* PressMeView.swift */,
			);
			path = YouAreAwesome;
			sourceTree = "<group>";
		};
		E4A289742AFFC49B0020AB40 /* Preview Content */ = {
			isa = PBXGroup;
			children = (
				E4A289752AFFC49B0020AB40 /* Preview Assets.xcassets */,
			);
			path = "Preview Content";
			sourceTree = "<group>";
		};
		E4A2897E2AFFC49B0020AB40 /* YouAreAwesomeTests */ = {
			isa = PBXGroup;
			children = (
				E4A2897F2AFFC49B0020AB40 /* YouAreAwesomeTests.swift */,
			);
			path = YouAreAwesomeTests;
			sourceTree = "<group>";
		};
		E4A289882AFFC49B0020AB40 /* YouAreAwesomeUITests */ = {
			isa = PBXGroup;
			children = (
				E4A289892AFFC49B0020AB40 /* YouAreAwesomeUITests.swift */,
				E4A2898B2AFFC49B0020AB40 /* YouAreAwesomeUITestsLaunchTests.swift */,
			);
			path = YouAreAwesomeUITests;
			sourceTree = "<group>";
		};
/* End PBXGroup section */

/* Begin PBXNativeTarget section */
		E4A2896A2AFFC4990020AB40 /* YouAreAwesome */ = {
			isa = PBXNativeTarget;
			buildConfigurationList = E4A2898F2AFFC49B0020AB40 /* Build configuration list for PBXNativeTarget "YouAreAwesome" */;
			buildPhases = (
				E4A289672AFFC4990020AB40 /* Sources */,
				E4A289682AFFC4990020AB40 /* Frameworks */,
				E4A289692AFFC4990020AB40 /* Resources */,
			);
			buildRules = (
			);
			dependencies = (
			);
			name = YouAreAwesome;
			productName = YouAreAwesome;
			productReference = E4A2896B2AFFC4990020AB40 /* YouAreAwesome.app */;
			productType = "com.apple.product-type.application";
		};
		E4A2897A2AFFC49B0020AB40 /* YouAreAwesomeTests */ = {
			isa = PBXNativeTarget;
			buildConfigurationList = E4A289922AFFC49B0020AB40 /* Build configuration list for PBXNativeTarget "YouAreAwesomeTests" */;
			buildPhases = (
				E4A289772AFFC49B0020AB40 /* Sources */,
				E4A289782AFFC49B0020AB40 /* Frameworks */,
				E4A289792AFFC49B0020AB40 /* Resources */,
			);
			buildRules = (
			);
			dependencies = (
				E4A2897D2AFFC49B0020AB40 /* PBXTargetDependency */,
			);
			name = YouAreAwesomeTests;
			productName = YouAreAwesomeTests;
			productReference = E4A2897B2AFFC49B0020AB40 /* YouAreAwesomeTests.xctest */;
			productType = "com.apple.product-type.bundle.unit-test";
		};
		E4A289842AFFC49B0020AB40 /* YouAreAwesomeUITests */ = {
			isa = PBXNativeTarget;
			buildConfigurationList = E4A289952AFFC49B0020AB40 /* Build configuration list for PBXNativeTarget "YouAreAwesomeUITests" */;
			buildPhases = (
				E4A289812AFFC49B0020AB40 /* Sources */,
				E4A289822AFFC49B0020AB40 /* Frameworks */,
				E4A289832AFFC49B0020AB40 /* Resources */,
			);
			buildRules = (
			);
			dependencies = (
				E4A289872AFFC49B0020AB40 /* PBXTargetDependency */,
			);
			name = YouAreAwesomeUITests;
			productName = YouAreAwesomeUITests;
			productReference = E4A289852AFFC49B0020AB40 /* YouAreAwesomeUITests.xctest */;
			productType = "com.apple.product-type.bundle.ui-testing";
		};
/* End PBXNativeTarget section */

/* Begin PBXProject section */
		E4A289632AFFC4990020AB40 /* Project object */ = {
			isa = PBXProject;
			attributes = {
				BuildIndependentTargetsInParallel = 1;
				LastSwiftUpdateCheck = 1500;
				LastUpgradeCheck = 1500;
				TargetAttributes = {
					E4A2896A2AFFC4990020AB40 = {
						CreatedOnToolsVersion = 15.0;
					};
					E4A2897A2AFFC49B0020AB40 = {
						CreatedOnToolsVersion = 15.0;
						TestTargetID = E4A2896A2AFFC4990020AB40;
					};
					E4A289842AFFC49B0020AB40 = {
						CreatedOnToolsVersion = 15.0;
						TestTargetID = E4A2896A2AFFC4990020AB40;
					};
				};
			};
			buildConfigurationList = E4A289662AFFC4990020AB40 /* Build configuration list for PBXProject "YouAreAwesome" */;
			compatibilityVersion = "Xcode 14.0";
			developmentRegion = en;
			hasScannedForEncodings = 0;
			knownRegions = (
				en,
				Base,
			);
			mainGroup = E4A289622AFFC4990020AB40;
			productRefGroup = E4A2896C2AFFC4990020AB40 /* Products */;
			projectDirPath = "";
			projectRoot = "";
			targets = (
				E4A2896A2AFFC4990020AB40 /* YouAreAwesome */,
				E4A2897A2AFFC49B0020AB40 /* YouAreAwesomeTests */,
				E4A289842AFFC49B0020AB40 /* YouAreAwesomeUITests */,
			);
		};
/* End PBXProject section */

/* Begin PBXResourcesBuildPhase section */
		E4A289692AFFC4990020AB40 /* Resources */ = {
			isa = PBXResourcesBuildPhase;
			buildActionMask = 2147483647;
			files = (
				E4A289762AFFC49B0020AB40 /* Preview Assets.xcassets in Resources */,
				E4A289732AFFC49B0020AB40 /* Assets.xcassets in Resources */,
			);
			runOnlyForDeploymentPostprocessing = 0;
		};
		E4A289792AFFC49B0020AB40 /* Resources */ = {
			isa = PBXResourcesBuildPhase;
			buildActionMask = 2147483647;
			files = (
			);
			runOnlyForDeploymentPostprocessing = 0;
		};
		E4A289832AFFC49B0020AB40 /* Resources */ = {
			isa = PBXResourcesBuildPhase;
			buildActionMask = 2147483647;
			files = (
			);
			runOnlyForDeploymentPostprocessing = 0;
		};
/* End PBXResourcesBuildPhase section */

/* Begin PBXSourcesBuildPhase section */
		E4A289672AFFC4990020AB40 /* Sources */ = {
			isa = PBXSourcesBuildPhase;
			buildActionMask = 2147483647;
			files = (
				E48C47762AFFF07400752AA2 /* NamasteView.swift in Sources */,
				E48C477E2B01126700752AA2 /* PlayAudioView.swift in Sources */,
				E48C477C2B00C32400752AA2 /* ImagesView.swift in Sources */,
				E48C47782AFFF08D00752AA2 /* MainView.swift in Sources */,
				E48C47852B01666500752AA2 /* RollDiceViewModel.swift in Sources */,
				E48C477A2B00AFB900752AA2 /* SFSymbolsView.swift in Sources */,
				E4A289712AFFC4990020AB40 /* YouAreAwesome.swift in Sources */,
				E48C47802B0157E000752AA2 /* RollDiceView.swift in Sources */,
				E4A2896F2AFFC4990020AB40 /* YouAreAwesomeApp.swift in Sources */,
				E48C47832B01664D00752AA2 /* DiceModel.swift in Sources */,
				E48C47892B019ABD00752AA2 /* PressMeView.swift in Sources */,
				E48C47872B01668F00752AA2 /* SettingsView.swift in Sources */,
			);
			runOnlyForDeploymentPostprocessing = 0;
		};
		E4A289772AFFC49B0020AB40 /* Sources */ = {
			isa = PBXSourcesBuildPhase;
			buildActionMask = 2147483647;
			files = (
				E4A289802AFFC49B0020AB40 /* YouAreAwesomeTests.swift in Sources */,
			);
			runOnlyForDeploymentPostprocessing = 0;
		};
		E4A289812AFFC49B0020AB40 /* Sources */ = {
			isa = PBXSourcesBuildPhase;
			buildActionMask = 2147483647;
			files = (
				E4A2898A2AFFC49B0020AB40 /* YouAreAwesomeUITests.swift in Sources */,
				E4A2898C2AFFC49B0020AB40 /* YouAreAwesomeUITestsLaunchTests.swift in Sources */,
			);
			runOnlyForDeploymentPostprocessing = 0;
		};
/* End PBXSourcesBuildPhase section */

/* Begin PBXTargetDependency section */
		E4A2897D2AFFC49B0020AB40 /* PBXTargetDependency */ = {
			isa = PBXTargetDependency;
			target = E4A2896A2AFFC4990020AB40 /* YouAreAwesome */;
			targetProxy = E4A2897C2AFFC49B0020AB40 /* PBXContainerItemProxy */;
		};
		E4A289872AFFC49B0020AB40 /* PBXTargetDependency */ = {
			isa = PBXTargetDependency;
			target = E4A2896A2AFFC4990020AB40 /* YouAreAwesome */;
			targetProxy = E4A289862AFFC49B0020AB40 /* PBXContainerItemProxy */;
		};
/* End PBXTargetDependency section */

/* Begin XCBuildConfiguration section */
		E4A2898D2AFFC49B0020AB40 /* Debug */ = {
			isa = XCBuildConfiguration;
			buildSettings = {
				ALWAYS_SEARCH_USER_PATHS = NO;
				ASSETCATALOG_COMPILER_GENERATE_SWIFT_ASSET_SYMBOL_EXTENSIONS = YES;
				CLANG_ANALYZER_NONNULL = YES;
				CLANG_ANALYZER_NUMBER_OBJECT_CONVERSION = YES_AGGRESSIVE;
				CLANG_CXX_LANGUAGE_STANDARD = "gnu++20";
				CLANG_ENABLE_MODULES = YES;
				CLANG_ENABLE_OBJC_ARC = YES;
				CLANG_ENABLE_OBJC_WEAK = YES;
				CLANG_WARN_BLOCK_CAPTURE_AUTORELEASING = YES;
				CLANG_WARN_BOOL_CONVERSION = YES;
				CLANG_WARN_COMMA = YES;
				CLANG_WARN_CONSTANT_CONVERSION = YES;
				CLANG_WARN_DEPRECATED_OBJC_IMPLEMENTATIONS = YES;
				CLANG_WARN_DIRECT_OBJC_ISA_USAGE = YES_ERROR;
				CLANG_WARN_DOCUMENTATION_COMMENTS = YES;
				CLANG_WARN_EMPTY_BODY = YES;
				CLANG_WARN_ENUM_CONVERSION = YES;
				CLANG_WARN_INFINITE_RECURSION = YES;
				CLANG_WARN_INT_CONVERSION = YES;
				CLANG_WARN_NON_LITERAL_NULL_CONVERSION = YES;
				CLANG_WARN_OBJC_IMPLICIT_RETAIN_SELF = YES;
				CLANG_WARN_OBJC_LITERAL_CONVERSION = YES;
				CLANG_WARN_OBJC_ROOT_CLASS = YES_ERROR;
				CLANG_WARN_QUOTED_INCLUDE_IN_FRAMEWORK_HEADER = YES;
				CLANG_WARN_RANGE_LOOP_ANALYSIS = YES;
				CLANG_WARN_STRICT_PROTOTYPES = YES;
				CLANG_WARN_SUSPICIOUS_MOVE = YES;
				CLANG_WARN_UNGUARDED_AVAILABILITY = YES_AGGRESSIVE;
				CLANG_WARN_UNREACHABLE_CODE = YES;
				CLANG_WARN__DUPLICATE_METHOD_MATCH = YES;
				COPY_PHASE_STRIP = NO;
				DEBUG_INFORMATION_FORMAT = dwarf;
				ENABLE_STRICT_OBJC_MSGSEND = YES;
				ENABLE_TESTABILITY = YES;
				ENABLE_USER_SCRIPT_SANDBOXING = YES;
				GCC_C_LANGUAGE_STANDARD = gnu17;
				GCC_DYNAMIC_NO_PIC = NO;
				GCC_NO_COMMON_BLOCKS = YES;
				GCC_OPTIMIZATION_LEVEL = 0;
				GCC_PREPROCESSOR_DEFINITIONS = (
					"DEBUG=1",
					"$(inherited)",
				);
				GCC_WARN_64_TO_32_BIT_CONVERSION = YES;
				GCC_WARN_ABOUT_RETURN_TYPE = YES_ERROR;
				GCC_WARN_UNDECLARED_SELECTOR = YES;
				GCC_WARN_UNINITIALIZED_AUTOS = YES_AGGRESSIVE;
				GCC_WARN_UNUSED_FUNCTION = YES;
				GCC_WARN_UNUSED_VARIABLE = YES;
				IPHONEOS_DEPLOYMENT_TARGET = 17.0;
				LOCALIZATION_PREFERS_STRING_CATALOGS = YES;
				MTL_ENABLE_DEBUG_INFO = INCLUDE_SOURCE;
				MTL_FAST_MATH = YES;
				ONLY_ACTIVE_ARCH = YES;
				SDKROOT = iphoneos;
				SWIFT_ACTIVE_COMPILATION_CONDITIONS = "DEBUG $(inherited)";
				SWIFT_OPTIMIZATION_LEVEL = "-Onone";
			};
			name = Debug;
		};
		E4A2898E2AFFC49B0020AB40 /* Release */ = {
			isa = XCBuildConfiguration;
			buildSettings = {
				ALWAYS_SEARCH_USER_PATHS = NO;
				ASSETCATALOG_COMPILER_GENERATE_SWIFT_ASSET_SYMBOL_EXTENSIONS = YES;
				CLANG_ANALYZER_NONNULL = YES;
				CLANG_ANALYZER_NUMBER_OBJECT_CONVERSION = YES_AGGRESSIVE;
				CLANG_CXX_LANGUAGE_STANDARD = "gnu++20";
				CLANG_ENABLE_MODULES = YES;
				CLANG_ENABLE_OBJC_ARC = YES;
				CLANG_ENABLE_OBJC_WEAK = YES;
				CLANG_WARN_BLOCK_CAPTURE_AUTORELEASING = YES;
				CLANG_WARN_BOOL_CONVERSION = YES;
				CLANG_WARN_COMMA = YES;
				CLANG_WARN_CONSTANT_CONVERSION = YES;
				CLANG_WARN_DEPRECATED_OBJC_IMPLEMENTATIONS = YES;
				CLANG_WARN_DIRECT_OBJC_ISA_USAGE = YES_ERROR;
				CLANG_WARN_DOCUMENTATION_COMMENTS = YES;
				CLANG_WARN_EMPTY_BODY = YES;
				CLANG_WARN_ENUM_CONVERSION = YES;
				CLANG_WARN_INFINITE_RECURSION = YES;
				CLANG_WARN_INT_CONVERSION = YES;
				CLANG_WARN_NON_LITERAL_NULL_CONVERSION = YES;
				CLANG_WARN_OBJC_IMPLICIT_RETAIN_SELF = YES;
				CLANG_WARN_OBJC_LITERAL_CONVERSION = YES;
				CLANG_WARN_OBJC_ROOT_CLASS = YES_ERROR;
				CLANG_WARN_QUOTED_INCLUDE_IN_FRAMEWORK_HEADER = YES;
				CLANG_WARN_RANGE_LOOP_ANALYSIS = YES;
				CLANG_WARN_STRICT_PROTOTYPES = YES;
				CLANG_WARN_SUSPICIOUS_MOVE = YES;
				CLANG_WARN_UNGUARDED_AVAILABILITY = YES_AGGRESSIVE;
				CLANG_WARN_UNREACHABLE_CODE = YES;
				CLANG_WARN__DUPLICATE_METHOD_MATCH = YES;
				COPY_PHASE_STRIP = NO;
				DEBUG_INFORMATION_FORMAT = "dwarf-with-dsym";
				ENABLE_NS_ASSERTIONS = NO;
				ENABLE_STRICT_OBJC_MSGSEND = YES;
				ENABLE_USER_SCRIPT_SANDBOXING = YES;
				GCC_C_LANGUAGE_STANDARD = gnu17;
				GCC_NO_COMMON_BLOCKS = YES;
				GCC_WARN_64_TO_32_BIT_CONVERSION = YES;
				GCC_WARN_ABOUT_RETURN_TYPE = YES_ERROR;
				GCC_WARN_UNDECLARED_SELECTOR = YES;
				GCC_WARN_UNINITIALIZED_AUTOS = YES_AGGRESSIVE;
				GCC_WARN_UNUSED_FUNCTION = YES;
				GCC_WARN_UNUSED_VARIABLE = YES;
				IPHONEOS_DEPLOYMENT_TARGET = 17.0;
				LOCALIZATION_PREFERS_STRING_CATALOGS = YES;
				MTL_ENABLE_DEBUG_INFO = NO;
				MTL_FAST_MATH = YES;
				SDKROOT = iphoneos;
				SWIFT_COMPILATION_MODE = wholemodule;
				VALIDATE_PRODUCT = YES;
			};
			name = Release;
		};
		E4A289902AFFC49B0020AB40 /* Debug */ = {
			isa = XCBuildConfiguration;
			buildSettings = {
				ASSETCATALOG_COMPILER_APPICON_NAME = AppIcon;
				ASSETCATALOG_COMPILER_GLOBAL_ACCENT_COLOR_NAME = AccentColor;
				CODE_SIGN_STYLE = Automatic;
				CURRENT_PROJECT_VERSION = 1;
				DEVELOPMENT_ASSET_PATHS = "\"YouAreAwesome/Preview Content\"";
				ENABLE_PREVIEWS = YES;
				GENERATE_INFOPLIST_FILE = YES;
				INFOPLIST_FILE = YouAreAwesome/Info.plist;
				INFOPLIST_KEY_CFBundleDisplayName = Awesome;
				INFOPLIST_KEY_UIApplicationSceneManifest_Generation = YES;
				INFOPLIST_KEY_UIApplicationSupportsIndirectInputEvents = YES;
				INFOPLIST_KEY_UISupportedInterfaceOrientations_iPad = "UIInterfaceOrientationPortrait UIInterfaceOrientationPortraitUpsideDown UIInterfaceOrientationLandscapeLeft UIInterfaceOrientationLandscapeRight";
				INFOPLIST_KEY_UISupportedInterfaceOrientations_iPhone = "UIInterfaceOrientationPortrait UIInterfaceOrientationLandscapeLeft UIInterfaceOrientationLandscapeRight";
				IPHONEOS_DEPLOYMENT_TARGET = 17.0;
				LD_RUNPATH_SEARCH_PATHS = (
					"$(inherited)",
					"@executable_path/Frameworks",
				);
				MARKETING_VERSION = 1.0;
				PRODUCT_BUNDLE_IDENTIFIER = uk.co.thetaphoto.YouAreAwesome;
				PRODUCT_NAME = "$(TARGET_NAME)";
				SUPPORTED_PLATFORMS = "iphoneos iphonesimulator";
				SUPPORTS_MACCATALYST = NO;
				SUPPORTS_MAC_DESIGNED_FOR_IPHONE_IPAD = NO;
				SWIFT_EMIT_LOC_STRINGS = YES;
				SWIFT_VERSION = 5.0;
				TARGETED_DEVICE_FAMILY = "1,2";
			};
			name = Debug;
		};
		E4A289912AFFC49B0020AB40 /* Release */ = {
			isa = XCBuildConfiguration;
			buildSettings = {
				ASSETCATALOG_COMPILER_APPICON_NAME = AppIcon;
				ASSETCATALOG_COMPILER_GLOBAL_ACCENT_COLOR_NAME = AccentColor;
				CODE_SIGN_STYLE = Automatic;
				CURRENT_PROJECT_VERSION = 1;
				DEVELOPMENT_ASSET_PATHS = "\"YouAreAwesome/Preview Content\"";
				ENABLE_PREVIEWS = YES;
				GENERATE_INFOPLIST_FILE = YES;
				INFOPLIST_FILE = YouAreAwesome/Info.plist;
				INFOPLIST_KEY_CFBundleDisplayName = Awesome;
				INFOPLIST_KEY_UIApplicationSceneManifest_Generation = YES;
				INFOPLIST_KEY_UIApplicationSupportsIndirectInputEvents = YES;
				INFOPLIST_KEY_UISupportedInterfaceOrientations_iPad = "UIInterfaceOrientationPortrait UIInterfaceOrientationPortraitUpsideDown UIInterfaceOrientationLandscapeLeft UIInterfaceOrientationLandscapeRight";
				INFOPLIST_KEY_UISupportedInterfaceOrientations_iPhone = "UIInterfaceOrientationPortrait UIInterfaceOrientationLandscapeLeft UIInterfaceOrientationLandscapeRight";
				IPHONEOS_DEPLOYMENT_TARGET = 17.0;
				LD_RUNPATH_SEARCH_PATHS = (
					"$(inherited)",
					"@executable_path/Frameworks",
				);
				MARKETING_VERSION = 1.0;
				PRODUCT_BUNDLE_IDENTIFIER = uk.co.thetaphoto.YouAreAwesome;
				PRODUCT_NAME = "$(TARGET_NAME)";
				SUPPORTED_PLATFORMS = "iphoneos iphonesimulator";
				SUPPORTS_MACCATALYST = NO;
				SUPPORTS_MAC_DESIGNED_FOR_IPHONE_IPAD = NO;
				SWIFT_EMIT_LOC_STRINGS = YES;
				SWIFT_VERSION = 5.0;
				TARGETED_DEVICE_FAMILY = "1,2";
			};
			name = Release;
		};
		E4A289932AFFC49B0020AB40 /* Debug */ = {
			isa = XCBuildConfiguration;
			buildSettings = {
				ALWAYS_EMBED_SWIFT_STANDARD_LIBRARIES = YES;
				BUNDLE_LOADER = "$(TEST_HOST)";
				CODE_SIGN_STYLE = Automatic;
				CURRENT_PROJECT_VERSION = 1;
				GENERATE_INFOPLIST_FILE = YES;
				IPHONEOS_DEPLOYMENT_TARGET = 17.0;
				MARKETING_VERSION = 1.0;
				PRODUCT_BUNDLE_IDENTIFIER = uk.co.thetaphoto.YouAreAwesomeTests;
				PRODUCT_NAME = "$(TARGET_NAME)";
				SWIFT_EMIT_LOC_STRINGS = NO;
				SWIFT_VERSION = 5.0;
				TARGETED_DEVICE_FAMILY = "1,2";
				TEST_HOST = "$(BUILT_PRODUCTS_DIR)/YouAreAwesome.app/$(BUNDLE_EXECUTABLE_FOLDER_PATH)/YouAreAwesome";
			};
			name = Debug;
		};
		E4A289942AFFC49B0020AB40 /* Release */ = {
			isa = XCBuildConfiguration;
			buildSettings = {
				ALWAYS_EMBED_SWIFT_STANDARD_LIBRARIES = YES;
				BUNDLE_LOADER = "$(TEST_HOST)";
				CODE_SIGN_STYLE = Automatic;
				CURRENT_PROJECT_VERSION = 1;
				GENERATE_INFOPLIST_FILE = YES;
				IPHONEOS_DEPLOYMENT_TARGET = 17.0;
				MARKETING_VERSION = 1.0;
				PRODUCT_BUNDLE_IDENTIFIER = uk.co.thetaphoto.YouAreAwesomeTests;
				PRODUCT_NAME = "$(TARGET_NAME)";
				SWIFT_EMIT_LOC_STRINGS = NO;
				SWIFT_VERSION = 5.0;
				TARGETED_DEVICE_FAMILY = "1,2";
				TEST_HOST = "$(BUILT_PRODUCTS_DIR)/YouAreAwesome.app/$(BUNDLE_EXECUTABLE_FOLDER_PATH)/YouAreAwesome";
			};
			name = Release;
		};
		E4A289962AFFC49B0020AB40 /* Debug */ = {
			isa = XCBuildConfiguration;
			buildSettings = {
				ALWAYS_EMBED_SWIFT_STANDARD_LIBRARIES = YES;
				CODE_SIGN_STYLE = Automatic;
				CURRENT_PROJECT_VERSION = 1;
				GENERATE_INFOPLIST_FILE = YES;
				MARKETING_VERSION = 1.0;
				PRODUCT_BUNDLE_IDENTIFIER = uk.co.thetaphoto.YouAreAwesomeUITests;
				PRODUCT_NAME = "$(TARGET_NAME)";
				SWIFT_EMIT_LOC_STRINGS = NO;
				SWIFT_VERSION = 5.0;
				TARGETED_DEVICE_FAMILY = "1,2";
				TEST_TARGET_NAME = YouAreAwesome;
			};
			name = Debug;
		};
		E4A289972AFFC49B0020AB40 /* Release */ = {
			isa = XCBuildConfiguration;
			buildSettings = {
				ALWAYS_EMBED_SWIFT_STANDARD_LIBRARIES = YES;
				CODE_SIGN_STYLE = Automatic;
				CURRENT_PROJECT_VERSION = 1;
				GENERATE_INFOPLIST_FILE = YES;
				MARKETING_VERSION = 1.0;
				PRODUCT_BUNDLE_IDENTIFIER = uk.co.thetaphoto.YouAreAwesomeUITests;
				PRODUCT_NAME = "$(TARGET_NAME)";
				SWIFT_EMIT_LOC_STRINGS = NO;
				SWIFT_VERSION = 5.0;
				TARGETED_DEVICE_FAMILY = "1,2";
				TEST_TARGET_NAME = YouAreAwesome;
			};
			name = Release;
		};
/* End XCBuildConfiguration section */

/* Begin XCConfigurationList section */
		E4A289662AFFC4990020AB40 /* Build configuration list for PBXProject "YouAreAwesome" */ = {
			isa = XCConfigurationList;
			buildConfigurations = (
				E4A2898D2AFFC49B0020AB40 /* Debug */,
				E4A2898E2AFFC49B0020AB40 /* Release */,
			);
			defaultConfigurationIsVisible = 0;
			defaultConfigurationName = Release;
		};
		E4A2898F2AFFC49B0020AB40 /* Build configuration list for PBXNativeTarget "YouAreAwesome" */ = {
			isa = XCConfigurationList;
			buildConfigurations = (
				E4A289902AFFC49B0020AB40 /* Debug */,
				E4A289912AFFC49B0020AB40 /* Release */,
			);
			defaultConfigurationIsVisible = 0;
			defaultConfigurationName = Release;
		};
		E4A289922AFFC49B0020AB40 /* Build configuration list for PBXNativeTarget "YouAreAwesomeTests" */ = {
			isa = XCConfigurationList;
			buildConfigurations = (
				E4A289932AFFC49B0020AB40 /* Debug */,
				E4A289942AFFC49B0020AB40 /* Release */,
			);
			defaultConfigurationIsVisible = 0;
			defaultConfigurationName = Release;
		};
		E4A289952AFFC49B0020AB40 /* Build configuration list for PBXNativeTarget "YouAreAwesomeUITests" */ = {
			isa = XCConfigurationList;
			buildConfigurations = (
				E4A289962AFFC49B0020AB40 /* Debug */,
				E4A289972AFFC49B0020AB40 /* Release */,
			);
			defaultConfigurationIsVisible = 0;
			defaultConfigurationName = Release;
		};
/* End XCConfigurationList section */
	};
	rootObject = E4A289632AFFC4990020AB40 /* Project object */;
}
